// !$*UTF8*$!
{
	archiveVersion = 1;
	classes = {
	};
	objectVersion = 46;
	objects = {

/* Begin PBXBuildFile section */
		440146D41AFBA98D00B8E802 /* ClueViewController.swift in Sources */ = {isa = PBXBuildFile; fileRef = 440146D31AFBA98D00B8E802 /* ClueViewController.swift */; };
		440146D91AFF6B9100B8E802 /* QuestionViewController.swift in Sources */ = {isa = PBXBuildFile; fileRef = 440146D81AFF6B9100B8E802 /* QuestionViewController.swift */; };
		4444C63E1A90DED0001B9CAC /* Extensions.swift in Sources */ = {isa = PBXBuildFile; fileRef = 4444C62B1A90DECF001B9CAC /* Extensions.swift */; };
		4444C64E1A90E3B4001B9CAC /* DataManager.swift in Sources */ = {isa = PBXBuildFile; fileRef = 4444C64D1A90E3B4001B9CAC /* DataManager.swift */; };
		4454D7051BCB2EB700063B71 /* YPMagnifyingGlass.swift in Sources */ = {isa = PBXBuildFile; fileRef = 4454D7031BCB2EB700063B71 /* YPMagnifyingGlass.swift */; };
		4454D7061BCB2EB700063B71 /* YPMagnifyingView.swift in Sources */ = {isa = PBXBuildFile; fileRef = 4454D7041BCB2EB700063B71 /* YPMagnifyingView.swift */; };
		447F13A01B0ACB04000FBD6F /* VictoryViewController.swift in Sources */ = {isa = PBXBuildFile; fileRef = 447F139F1B0ACB04000FBD6F /* VictoryViewController.swift */; };
		447F13A21B0B6CCA000FBD6F /* GameScene.swift in Sources */ = {isa = PBXBuildFile; fileRef = 447F13A11B0B6CCA000FBD6F /* GameScene.swift */; };
		447F13B01B0B6D15000FBD6F /* explode.sks in Resources */ = {isa = PBXBuildFile; fileRef = 447F13A71B0B6D15000FBD6F /* explode.sks */; };
		447F13B11B0B6D15000FBD6F /* fuse.sks in Resources */ = {isa = PBXBuildFile; fileRef = 447F13A81B0B6D15000FBD6F /* fuse.sks */; };
		447F13B21B0B6D15000FBD6F /* rocket.png in Resources */ = {isa = PBXBuildFile; fileRef = 447F13A91B0B6D15000FBD6F /* rocket.png */; };
		447F13B31B0B6D15000FBD6F /* rocket@2x.png in Resources */ = {isa = PBXBuildFile; fileRef = 447F13AA1B0B6D15000FBD6F /* rocket@2x.png */; };
		447F13B41B0B6D15000FBD6F /* spark.png in Resources */ = {isa = PBXBuildFile; fileRef = 447F13AB1B0B6D15000FBD6F /* spark.png */; };
		447F13B51B0B6D15000FBD6F /* GameScene.sks in Resources */ = {isa = PBXBuildFile; fileRef = 447F13AC1B0B6D15000FBD6F /* GameScene.sks */; };
		447F13B61B0B6D15000FBD6F /* Helper.swift in Sources */ = {isa = PBXBuildFile; fileRef = 447F13AD1B0B6D15000FBD6F /* Helper.swift */; };
		447F13B81B0B8250000FBD6F /* libz.dylib in Frameworks */ = {isa = PBXBuildFile; fileRef = 447F13B71B0B8250000FBD6F /* libz.dylib */; };
		447F13BC1B0B826E000FBD6F /* SystemConfiguration.framework in Frameworks */ = {isa = PBXBuildFile; fileRef = 447F13BB1B0B826E000FBD6F /* SystemConfiguration.framework */; };
		447F13BE1B0B8278000FBD6F /* Security.framework in Frameworks */ = {isa = PBXBuildFile; fileRef = 447F13BD1B0B8278000FBD6F /* Security.framework */; };
		447F13C01B0B8288000FBD6F /* QuartzCore.framework in Frameworks */ = {isa = PBXBuildFile; fileRef = 447F13BF1B0B8288000FBD6F /* QuartzCore.framework */; };
		447F13C21B0B8298000FBD6F /* MediaPlayer.framework in Frameworks */ = {isa = PBXBuildFile; fileRef = 447F13C11B0B8298000FBD6F /* MediaPlayer.framework */; };
		447F13C41B0B82AA000FBD6F /* Foundation.framework in Frameworks */ = {isa = PBXBuildFile; fileRef = 447F13C31B0B82AA000FBD6F /* Foundation.framework */; };
		447F13C61B0B82B5000FBD6F /* CoreText.framework in Frameworks */ = {isa = PBXBuildFile; fileRef = 447F13C51B0B82B5000FBD6F /* CoreText.framework */; };
		447F13C81B0B82BA000FBD6F /* CoreTelephony.framework in Frameworks */ = {isa = PBXBuildFile; fileRef = 447F13C71B0B82BA000FBD6F /* CoreTelephony.framework */; };
		447F13CA1B0B82C4000FBD6F /* CoreMotion.framework in Frameworks */ = {isa = PBXBuildFile; fileRef = 447F13C91B0B82C4000FBD6F /* CoreMotion.framework */; };
		447F13CC1B0B82C9000FBD6F /* CoreLocation.framework in Frameworks */ = {isa = PBXBuildFile; fileRef = 447F13CB1B0B82C9000FBD6F /* CoreLocation.framework */; };
		447F13CE1B0B82D2000FBD6F /* CoreData.framework in Frameworks */ = {isa = PBXBuildFile; fileRef = 447F13CD1B0B82D2000FBD6F /* CoreData.framework */; };
		447F13D01B0B82DE000FBD6F /* AssetsLibrary.framework in Frameworks */ = {isa = PBXBuildFile; fileRef = 447F13CF1B0B82DE000FBD6F /* AssetsLibrary.framework */; };
		447F13D21B0B82E3000FBD6F /* AddressBook.framework in Frameworks */ = {isa = PBXBuildFile; fileRef = 447F13D11B0B82E3000FBD6F /* AddressBook.framework */; };
		447F152D1B0B8AB9000FBD6F /* libz.1.2.5.dylib in Frameworks */ = {isa = PBXBuildFile; fileRef = 44D319971A066E2500DB7D6E /* libz.1.2.5.dylib */; };
		4482EE8219F943D60078D8C4 /* AppDelegate.swift in Sources */ = {isa = PBXBuildFile; fileRef = 4482EE8119F943D60078D8C4 /* AppDelegate.swift */; };
		4482EE8519F943D60078D8C4 /* GoogleTreasureHunt.xcdatamodeld in Sources */ = {isa = PBXBuildFile; fileRef = 4482EE8319F943D60078D8C4 /* GoogleTreasureHunt.xcdatamodeld */; };
		4482EE8719F943D60078D8C4 /* ViewController.swift in Sources */ = {isa = PBXBuildFile; fileRef = 4482EE8619F943D60078D8C4 /* ViewController.swift */; };
		4482EE8A19F943D60078D8C4 /* Main.storyboard in Resources */ = {isa = PBXBuildFile; fileRef = 4482EE8819F943D60078D8C4 /* Main.storyboard */; };
		4482EE8C19F943D60078D8C4 /* Images.xcassets in Resources */ = {isa = PBXBuildFile; fileRef = 4482EE8B19F943D60078D8C4 /* Images.xcassets */; };
		4482EE8F19F943D60078D8C4 /* LaunchScreen.xib in Resources */ = {isa = PBXBuildFile; fileRef = 4482EE8D19F943D60078D8C4 /* LaunchScreen.xib */; };
		4482EE9B19F943D60078D8C4 /* GoogleTreasureHuntTests.swift in Sources */ = {isa = PBXBuildFile; fileRef = 4482EE9A19F943D60078D8C4 /* GoogleTreasureHuntTests.swift */; };
		4482EEB219F944AC0078D8C4 /* AHTag.swift in Sources */ = {isa = PBXBuildFile; fileRef = 4482EEA519F944AC0078D8C4 /* AHTag.swift */; };
		4482EEB319F944AC0078D8C4 /* Clue.swift in Sources */ = {isa = PBXBuildFile; fileRef = 4482EEA619F944AC0078D8C4 /* Clue.swift */; };
		4482EEB519F944AC0078D8C4 /* Hunt.swift in Sources */ = {isa = PBXBuildFile; fileRef = 4482EEA819F944AC0078D8C4 /* Hunt.swift */; };
		4482EEB619F944AC0078D8C4 /* HuntResourceManager.swift in Sources */ = {isa = PBXBuildFile; fileRef = 4482EEA919F944AC0078D8C4 /* HuntResourceManager.swift */; };
		4482EEB919F944AC0078D8C4 /* ListViewController.swift in Sources */ = {isa = PBXBuildFile; fileRef = 4482EEAC19F944AC0078D8C4 /* ListViewController.swift */; };
		4482EEBC19F944AC0078D8C4 /* SoundManager.swift in Sources */ = {isa = PBXBuildFile; fileRef = 4482EEAF19F944AC0078D8C4 /* SoundManager.swift */; };
		4482EEBD19F944AC0078D8C4 /* TriviaQuestion.swift in Sources */ = {isa = PBXBuildFile; fileRef = 4482EEB019F944AC0078D8C4 /* TriviaQuestion.swift */; };
		4483FFD91BF8A56F000118B5 /* ThemeManager.swift in Sources */ = {isa = PBXBuildFile; fileRef = 4483FFD81BF8A56F000118B5 /* ThemeManager.swift */; };
		448683761B811A1D00315ED5 /* hunt.zip in Resources */ = {isa = PBXBuildFile; fileRef = 448683751B811A1D00315ED5 /* hunt.zip */; };
		44D3198E1A056EA800DB7D6E /* ioapi.c in Sources */ = {isa = PBXBuildFile; fileRef = 44D319841A056EA800DB7D6E /* ioapi.c */; };
		44D3198F1A056EA800DB7D6E /* mztools.c in Sources */ = {isa = PBXBuildFile; fileRef = 44D319861A056EA800DB7D6E /* mztools.c */; };
		44D319901A056EA800DB7D6E /* unzip.c in Sources */ = {isa = PBXBuildFile; fileRef = 44D319881A056EA800DB7D6E /* unzip.c */; };
		44D319911A056EA800DB7D6E /* zip.c in Sources */ = {isa = PBXBuildFile; fileRef = 44D3198A1A056EA800DB7D6E /* zip.c */; };
		44D319921A056EA800DB7D6E /* SSZipArchive.m in Sources */ = {isa = PBXBuildFile; fileRef = 44D3198D1A056EA800DB7D6E /* SSZipArchive.m */; };
		44D9A55F1AEA5A80005B58AD /* SwiftyJSON.swift in Sources */ = {isa = PBXBuildFile; fileRef = 44D9A55E1AEA5A80005B58AD /* SwiftyJSON.swift */; };
		44D9A5621AF12A4D005B58AD /* ExtensionV.swift in Sources */ = {isa = PBXBuildFile; fileRef = 44D9A5611AF12A4D005B58AD /* ExtensionV.swift */; };
		44DA2A801B0CE2D000800D69 /* Reachability.swift in Sources */ = {isa = PBXBuildFile; fileRef = 44DA2A7F1B0CE2D000800D69 /* Reachability.swift */; };
		44DA2A831B0CE8FF00800D69 /* rejected.mp3 in Resources */ = {isa = PBXBuildFile; fileRef = 44DA2A811B0CE8FF00800D69 /* rejected.mp3 */; };
		44DA2A841B0CE8FF00800D69 /* repeat.mp3 in Resources */ = {isa = PBXBuildFile; fileRef = 44DA2A821B0CE8FF00800D69 /* repeat.mp3 */; };
		44DA2A881B0CE96A00800D69 /* coin.mp3 in Resources */ = {isa = PBXBuildFile; fileRef = 44DA2A851B0CE96A00800D69 /* coin.mp3 */; };
		44DA2A891B0CE96A00800D69 /* fanfare.mp3 in Resources */ = {isa = PBXBuildFile; fileRef = 44DA2A861B0CE96A00800D69 /* fanfare.mp3 */; };
		44DA2A8A1B0CE96A00800D69 /* founditall.mp3 in Resources */ = {isa = PBXBuildFile; fileRef = 44DA2A871B0CE96A00800D69 /* founditall.mp3 */; };
		44DA2A9B1B0F701B00800D69 /* WelcomeViewController.swift in Sources */ = {isa = PBXBuildFile; fileRef = 44DA2A9A1B0F701B00800D69 /* WelcomeViewController.swift */; };
		44DA2A9F1B10BD6600800D69 /* MiddleViewController.swift in Sources */ = {isa = PBXBuildFile; fileRef = 44DA2A9E1B10BD6600800D69 /* MiddleViewController.swift */; };
		DFBC5EB8974DCFF002218C0D /* Pods.framework in Frameworks */ = {isa = PBXBuildFile; fileRef = B9F93C7971CD9CB24F9F0D48 /* Pods.framework */; };
/* End PBXBuildFile section */

/* Begin PBXContainerItemProxy section */
		4482EE9519F943D60078D8C4 /* PBXContainerItemProxy */ = {
			isa = PBXContainerItemProxy;
			containerPortal = 4482EE7419F943D60078D8C4 /* Project object */;
			proxyType = 1;
			remoteGlobalIDString = 4482EE7B19F943D60078D8C4;
			remoteInfo = GoogleTreasureHunt;
		};
/* End PBXContainerItemProxy section */

/* Begin PBXCopyFilesBuildPhase section */
		440146E11B02594500B8E802 /* Embed Frameworks */ = {
			isa = PBXCopyFilesBuildPhase;
			buildActionMask = 2147483647;
			dstPath = "";
			dstSubfolderSpec = 10;
			files = (
			);
			name = "Embed Frameworks";
			runOnlyForDeploymentPostprocessing = 0;
		};
/* End PBXCopyFilesBuildPhase section */

/* Begin PBXFileReference section */
		1AFBE947849CFF2EA8509C6D /* Pods.debug.xcconfig */ = {isa = PBXFileReference; includeInIndex = 1; lastKnownFileType = text.xcconfig; name = Pods.debug.xcconfig; path = "Pods/Target Support Files/Pods/Pods.debug.xcconfig"; sourceTree = "<group>"; };
		440146D31AFBA98D00B8E802 /* ClueViewController.swift */ = {isa = PBXFileReference; fileEncoding = 4; lastKnownFileType = sourcecode.swift; path = ClueViewController.swift; sourceTree = "<group>"; };
		440146D81AFF6B9100B8E802 /* QuestionViewController.swift */ = {isa = PBXFileReference; fileEncoding = 4; lastKnownFileType = sourcecode.swift; path = QuestionViewController.swift; sourceTree = "<group>"; };
		4444C62B1A90DECF001B9CAC /* Extensions.swift */ = {isa = PBXFileReference; fileEncoding = 4; lastKnownFileType = sourcecode.swift; path = Extensions.swift; sourceTree = "<group>"; };
		4444C64D1A90E3B4001B9CAC /* DataManager.swift */ = {isa = PBXFileReference; fileEncoding = 4; lastKnownFileType = sourcecode.swift; path = DataManager.swift; sourceTree = "<group>"; };
		4454D7031BCB2EB700063B71 /* YPMagnifyingGlass.swift */ = {isa = PBXFileReference; fileEncoding = 4; lastKnownFileType = sourcecode.swift; path = YPMagnifyingGlass.swift; sourceTree = "<group>"; };
		4454D7041BCB2EB700063B71 /* YPMagnifyingView.swift */ = {isa = PBXFileReference; fileEncoding = 4; lastKnownFileType = sourcecode.swift; path = YPMagnifyingView.swift; sourceTree = "<group>"; };
		445673E019FC6F3100B511B8 /* GoogleTreasureHunt-Bridging-Header.h */ = {isa = PBXFileReference; lastKnownFileType = sourcecode.c.h; path = "GoogleTreasureHunt-Bridging-Header.h"; sourceTree = "<group>"; };
		447F139F1B0ACB04000FBD6F /* VictoryViewController.swift */ = {isa = PBXFileReference; fileEncoding = 4; lastKnownFileType = sourcecode.swift; path = VictoryViewController.swift; sourceTree = "<group>"; };
		447F13A11B0B6CCA000FBD6F /* GameScene.swift */ = {isa = PBXFileReference; fileEncoding = 4; lastKnownFileType = sourcecode.swift; path = GameScene.swift; sourceTree = "<group>"; };
		447F13A71B0B6D15000FBD6F /* explode.sks */ = {isa = PBXFileReference; lastKnownFileType = file.sks; path = explode.sks; sourceTree = "<group>"; };
		447F13A81B0B6D15000FBD6F /* fuse.sks */ = {isa = PBXFileReference; lastKnownFileType = file.sks; path = fuse.sks; sourceTree = "<group>"; };
		447F13A91B0B6D15000FBD6F /* rocket.png */ = {isa = PBXFileReference; lastKnownFileType = image.png; path = rocket.png; sourceTree = "<group>"; };
		447F13AA1B0B6D15000FBD6F /* rocket@2x.png */ = {isa = PBXFileReference; lastKnownFileType = image.png; path = "rocket@2x.png"; sourceTree = "<group>"; };
		447F13AB1B0B6D15000FBD6F /* spark.png */ = {isa = PBXFileReference; lastKnownFileType = image.png; path = spark.png; sourceTree = "<group>"; };
		447F13AC1B0B6D15000FBD6F /* GameScene.sks */ = {isa = PBXFileReference; lastKnownFileType = file.sks; path = GameScene.sks; sourceTree = "<group>"; };
		447F13AD1B0B6D15000FBD6F /* Helper.swift */ = {isa = PBXFileReference; fileEncoding = 4; lastKnownFileType = sourcecode.swift; path = Helper.swift; sourceTree = "<group>"; };
		447F13B71B0B8250000FBD6F /* libz.dylib */ = {isa = PBXFileReference; lastKnownFileType = "compiled.mach-o.dylib"; name = libz.dylib; path = usr/lib/libz.dylib; sourceTree = SDKROOT; };
		447F13B91B0B825A000FBD6F /* libc++.dylib */ = {isa = PBXFileReference; lastKnownFileType = "compiled.mach-o.dylib"; name = "libc++.dylib"; path = "usr/lib/libc++.dylib"; sourceTree = SDKROOT; };
		447F13BB1B0B826E000FBD6F /* SystemConfiguration.framework */ = {isa = PBXFileReference; lastKnownFileType = wrapper.framework; name = SystemConfiguration.framework; path = System/Library/Frameworks/SystemConfiguration.framework; sourceTree = SDKROOT; };
		447F13BD1B0B8278000FBD6F /* Security.framework */ = {isa = PBXFileReference; lastKnownFileType = wrapper.framework; name = Security.framework; path = System/Library/Frameworks/Security.framework; sourceTree = SDKROOT; };
		447F13BF1B0B8288000FBD6F /* QuartzCore.framework */ = {isa = PBXFileReference; lastKnownFileType = wrapper.framework; name = QuartzCore.framework; path = System/Library/Frameworks/QuartzCore.framework; sourceTree = SDKROOT; };
		447F13C11B0B8298000FBD6F /* MediaPlayer.framework */ = {isa = PBXFileReference; lastKnownFileType = wrapper.framework; name = MediaPlayer.framework; path = System/Library/Frameworks/MediaPlayer.framework; sourceTree = SDKROOT; };
		447F13C31B0B82AA000FBD6F /* Foundation.framework */ = {isa = PBXFileReference; lastKnownFileType = wrapper.framework; name = Foundation.framework; path = System/Library/Frameworks/Foundation.framework; sourceTree = SDKROOT; };
		447F13C51B0B82B5000FBD6F /* CoreText.framework */ = {isa = PBXFileReference; lastKnownFileType = wrapper.framework; name = CoreText.framework; path = System/Library/Frameworks/CoreText.framework; sourceTree = SDKROOT; };
		447F13C71B0B82BA000FBD6F /* CoreTelephony.framework */ = {isa = PBXFileReference; lastKnownFileType = wrapper.framework; name = CoreTelephony.framework; path = System/Library/Frameworks/CoreTelephony.framework; sourceTree = SDKROOT; };
		447F13C91B0B82C4000FBD6F /* CoreMotion.framework */ = {isa = PBXFileReference; lastKnownFileType = wrapper.framework; name = CoreMotion.framework; path = System/Library/Frameworks/CoreMotion.framework; sourceTree = SDKROOT; };
		447F13CB1B0B82C9000FBD6F /* CoreLocation.framework */ = {isa = PBXFileReference; lastKnownFileType = wrapper.framework; name = CoreLocation.framework; path = System/Library/Frameworks/CoreLocation.framework; sourceTree = SDKROOT; };
		447F13CD1B0B82D2000FBD6F /* CoreData.framework */ = {isa = PBXFileReference; lastKnownFileType = wrapper.framework; name = CoreData.framework; path = System/Library/Frameworks/CoreData.framework; sourceTree = SDKROOT; };
		447F13CF1B0B82DE000FBD6F /* AssetsLibrary.framework */ = {isa = PBXFileReference; lastKnownFileType = wrapper.framework; name = AssetsLibrary.framework; path = System/Library/Frameworks/AssetsLibrary.framework; sourceTree = SDKROOT; };
		447F13D11B0B82E3000FBD6F /* AddressBook.framework */ = {isa = PBXFileReference; lastKnownFileType = wrapper.framework; name = AddressBook.framework; path = System/Library/Frameworks/AddressBook.framework; sourceTree = SDKROOT; };
		4482EE7C19F943D60078D8C4 /* GoogleTreasureHunt.app */ = {isa = PBXFileReference; explicitFileType = wrapper.application; includeInIndex = 0; path = GoogleTreasureHunt.app; sourceTree = BUILT_PRODUCTS_DIR; };
		4482EE8019F943D60078D8C4 /* Info.plist */ = {isa = PBXFileReference; lastKnownFileType = text.plist.xml; path = Info.plist; sourceTree = "<group>"; };
		4482EE8119F943D60078D8C4 /* AppDelegate.swift */ = {isa = PBXFileReference; lastKnownFileType = sourcecode.swift; path = AppDelegate.swift; sourceTree = "<group>"; };
		4482EE8419F943D60078D8C4 /* GoogleTreasureHunt.xcdatamodel */ = {isa = PBXFileReference; lastKnownFileType = wrapper.xcdatamodel; path = GoogleTreasureHunt.xcdatamodel; sourceTree = "<group>"; };
		4482EE8619F943D60078D8C4 /* ViewController.swift */ = {isa = PBXFileReference; lastKnownFileType = sourcecode.swift; path = ViewController.swift; sourceTree = "<group>"; };
		4482EE8919F943D60078D8C4 /* Base */ = {isa = PBXFileReference; lastKnownFileType = file.storyboard; name = Base; path = Base.lproj/Main.storyboard; sourceTree = "<group>"; };
		4482EE8B19F943D60078D8C4 /* Images.xcassets */ = {isa = PBXFileReference; lastKnownFileType = folder.assetcatalog; path = Images.xcassets; sourceTree = "<group>"; };
		4482EE8E19F943D60078D8C4 /* Base */ = {isa = PBXFileReference; lastKnownFileType = file.xib; name = Base; path = Base.lproj/LaunchScreen.xib; sourceTree = "<group>"; };
		4482EE9419F943D60078D8C4 /* GoogleTreasureHunt.xctest */ = {isa = PBXFileReference; explicitFileType = wrapper.cfbundle; includeInIndex = 0; path = GoogleTreasureHunt.xctest; sourceTree = BUILT_PRODUCTS_DIR; };
		4482EE9919F943D60078D8C4 /* Info.plist */ = {isa = PBXFileReference; lastKnownFileType = text.plist.xml; path = Info.plist; sourceTree = "<group>"; };
		4482EE9A19F943D60078D8C4 /* GoogleTreasureHuntTests.swift */ = {isa = PBXFileReference; lastKnownFileType = sourcecode.swift; path = GoogleTreasureHuntTests.swift; sourceTree = "<group>"; };
		4482EEA519F944AC0078D8C4 /* AHTag.swift */ = {isa = PBXFileReference; fileEncoding = 4; lastKnownFileType = sourcecode.swift; path = AHTag.swift; sourceTree = "<group>"; };
		4482EEA619F944AC0078D8C4 /* Clue.swift */ = {isa = PBXFileReference; fileEncoding = 4; lastKnownFileType = sourcecode.swift; path = Clue.swift; sourceTree = "<group>"; };
		4482EEA819F944AC0078D8C4 /* Hunt.swift */ = {isa = PBXFileReference; fileEncoding = 4; lastKnownFileType = sourcecode.swift; path = Hunt.swift; sourceTree = "<group>"; };
		4482EEA919F944AC0078D8C4 /* HuntResourceManager.swift */ = {isa = PBXFileReference; fileEncoding = 4; lastKnownFileType = sourcecode.swift; path = HuntResourceManager.swift; sourceTree = "<group>"; };
		4482EEAC19F944AC0078D8C4 /* ListViewController.swift */ = {isa = PBXFileReference; fileEncoding = 4; lastKnownFileType = sourcecode.swift; path = ListViewController.swift; sourceTree = "<group>"; };
		4482EEAF19F944AC0078D8C4 /* SoundManager.swift */ = {isa = PBXFileReference; fileEncoding = 4; lastKnownFileType = sourcecode.swift; path = SoundManager.swift; sourceTree = "<group>"; };
		4482EEB019F944AC0078D8C4 /* TriviaQuestion.swift */ = {isa = PBXFileReference; fileEncoding = 4; lastKnownFileType = sourcecode.swift; path = TriviaQuestion.swift; sourceTree = "<group>"; };
		4483FFD81BF8A56F000118B5 /* ThemeManager.swift */ = {isa = PBXFileReference; fileEncoding = 4; lastKnownFileType = sourcecode.swift; path = ThemeManager.swift; sourceTree = "<group>"; };
		448683751B811A1D00315ED5 /* hunt.zip */ = {isa = PBXFileReference; lastKnownFileType = archive.zip; path = hunt.zip; sourceTree = "<group>"; };
		44D319831A056EA800DB7D6E /* crypt.h */ = {isa = PBXFileReference; fileEncoding = 4; lastKnownFileType = sourcecode.c.h; path = crypt.h; sourceTree = "<group>"; };
		44D319841A056EA800DB7D6E /* ioapi.c */ = {isa = PBXFileReference; fileEncoding = 4; lastKnownFileType = sourcecode.c.c; path = ioapi.c; sourceTree = "<group>"; };
		44D319851A056EA800DB7D6E /* ioapi.h */ = {isa = PBXFileReference; fileEncoding = 4; lastKnownFileType = sourcecode.c.h; path = ioapi.h; sourceTree = "<group>"; };
		44D319861A056EA800DB7D6E /* mztools.c */ = {isa = PBXFileReference; fileEncoding = 4; lastKnownFileType = sourcecode.c.c; path = mztools.c; sourceTree = "<group>"; };
		44D319871A056EA800DB7D6E /* mztools.h */ = {isa = PBXFileReference; fileEncoding = 4; lastKnownFileType = sourcecode.c.h; path = mztools.h; sourceTree = "<group>"; };
		44D319881A056EA800DB7D6E /* unzip.c */ = {isa = PBXFileReference; fileEncoding = 4; lastKnownFileType = sourcecode.c.c; path = unzip.c; sourceTree = "<group>"; };
		44D319891A056EA800DB7D6E /* unzip.h */ = {isa = PBXFileReference; fileEncoding = 4; lastKnownFileType = sourcecode.c.h; path = unzip.h; sourceTree = "<group>"; };
		44D3198A1A056EA800DB7D6E /* zip.c */ = {isa = PBXFileReference; fileEncoding = 4; lastKnownFileType = sourcecode.c.c; path = zip.c; sourceTree = "<group>"; };
		44D3198B1A056EA800DB7D6E /* zip.h */ = {isa = PBXFileReference; fileEncoding = 4; lastKnownFileType = sourcecode.c.h; path = zip.h; sourceTree = "<group>"; };
		44D3198C1A056EA800DB7D6E /* SSZipArchive.h */ = {isa = PBXFileReference; fileEncoding = 4; lastKnownFileType = sourcecode.c.h; path = SSZipArchive.h; sourceTree = "<group>"; };
		44D3198D1A056EA800DB7D6E /* SSZipArchive.m */ = {isa = PBXFileReference; fileEncoding = 4; lastKnownFileType = sourcecode.c.objc; path = SSZipArchive.m; sourceTree = "<group>"; };
		44D319971A066E2500DB7D6E /* libz.1.2.5.dylib */ = {isa = PBXFileReference; lastKnownFileType = "compiled.mach-o.dylib"; name = libz.1.2.5.dylib; path = usr/lib/libz.1.2.5.dylib; sourceTree = SDKROOT; };
		44D9A55E1AEA5A80005B58AD /* SwiftyJSON.swift */ = {isa = PBXFileReference; fileEncoding = 4; lastKnownFileType = sourcecode.swift; path = SwiftyJSON.swift; sourceTree = "<group>"; };
		44D9A5611AF12A4D005B58AD /* ExtensionV.swift */ = {isa = PBXFileReference; fileEncoding = 4; lastKnownFileType = sourcecode.swift; path = ExtensionV.swift; sourceTree = "<group>"; };
		44DA2A7F1B0CE2D000800D69 /* Reachability.swift */ = {isa = PBXFileReference; fileEncoding = 4; lastKnownFileType = sourcecode.swift; path = Reachability.swift; sourceTree = "<group>"; };
		44DA2A811B0CE8FF00800D69 /* rejected.mp3 */ = {isa = PBXFileReference; lastKnownFileType = audio.mp3; path = rejected.mp3; sourceTree = "<group>"; };
		44DA2A821B0CE8FF00800D69 /* repeat.mp3 */ = {isa = PBXFileReference; lastKnownFileType = audio.mp3; path = repeat.mp3; sourceTree = "<group>"; };
		44DA2A851B0CE96A00800D69 /* coin.mp3 */ = {isa = PBXFileReference; lastKnownFileType = audio.mp3; path = coin.mp3; sourceTree = "<group>"; };
		44DA2A861B0CE96A00800D69 /* fanfare.mp3 */ = {isa = PBXFileReference; lastKnownFileType = audio.mp3; path = fanfare.mp3; sourceTree = "<group>"; };
		44DA2A871B0CE96A00800D69 /* founditall.mp3 */ = {isa = PBXFileReference; lastKnownFileType = audio.mp3; path = founditall.mp3; sourceTree = "<group>"; };
		44DA2A9A1B0F701B00800D69 /* WelcomeViewController.swift */ = {isa = PBXFileReference; fileEncoding = 4; lastKnownFileType = sourcecode.swift; path = WelcomeViewController.swift; sourceTree = "<group>"; };
		44DA2A9E1B10BD6600800D69 /* MiddleViewController.swift */ = {isa = PBXFileReference; fileEncoding = 4; lastKnownFileType = sourcecode.swift; path = MiddleViewController.swift; sourceTree = "<group>"; };
		4F8265B6940249A2157EF7D1 /* Pods.release.xcconfig */ = {isa = PBXFileReference; includeInIndex = 1; lastKnownFileType = text.xcconfig; name = Pods.release.xcconfig; path = "Pods/Target Support Files/Pods/Pods.release.xcconfig"; sourceTree = "<group>"; };
		B9F93C7971CD9CB24F9F0D48 /* Pods.framework */ = {isa = PBXFileReference; explicitFileType = wrapper.framework; includeInIndex = 0; path = Pods.framework; sourceTree = BUILT_PRODUCTS_DIR; };
/* End PBXFileReference section */

/* Begin PBXFrameworksBuildPhase section */
		4482EE7919F943D60078D8C4 /* Frameworks */ = {
			isa = PBXFrameworksBuildPhase;
			buildActionMask = 2147483647;
			files = (
				447F152D1B0B8AB9000FBD6F /* libz.1.2.5.dylib in Frameworks */,
				447F13D21B0B82E3000FBD6F /* AddressBook.framework in Frameworks */,
				447F13D01B0B82DE000FBD6F /* AssetsLibrary.framework in Frameworks */,
				447F13CE1B0B82D2000FBD6F /* CoreData.framework in Frameworks */,
				447F13CC1B0B82C9000FBD6F /* CoreLocation.framework in Frameworks */,
				447F13CA1B0B82C4000FBD6F /* CoreMotion.framework in Frameworks */,
				447F13C81B0B82BA000FBD6F /* CoreTelephony.framework in Frameworks */,
				447F13C61B0B82B5000FBD6F /* CoreText.framework in Frameworks */,
				447F13C41B0B82AA000FBD6F /* Foundation.framework in Frameworks */,
				447F13C21B0B8298000FBD6F /* MediaPlayer.framework in Frameworks */,
				447F13C01B0B8288000FBD6F /* QuartzCore.framework in Frameworks */,
				447F13BE1B0B8278000FBD6F /* Security.framework in Frameworks */,
				447F13BC1B0B826E000FBD6F /* SystemConfiguration.framework in Frameworks */,
				447F13B81B0B8250000FBD6F /* libz.dylib in Frameworks */,
				DFBC5EB8974DCFF002218C0D /* Pods.framework in Frameworks */,
			);
			runOnlyForDeploymentPostprocessing = 0;
		};
		4482EE9119F943D60078D8C4 /* Frameworks */ = {
			isa = PBXFrameworksBuildPhase;
			buildActionMask = 2147483647;
			files = (
			);
			runOnlyForDeploymentPostprocessing = 0;
		};
/* End PBXFrameworksBuildPhase section */

/* Begin PBXGroup section */
		4454D7081BCB2EE500063B71 /* YPMagnifyingGlass */ = {
			isa = PBXGroup;
			children = (
				4454D7031BCB2EB700063B71 /* YPMagnifyingGlass.swift */,
				4454D7041BCB2EB700063B71 /* YPMagnifyingView.swift */,
			);
			name = YPMagnifyingGlass;
			sourceTree = "<group>";
		};
		447F13A31B0B6CD0000FBD6F /* GameScene */ = {
			isa = PBXGroup;
			children = (
				447F13A41B0B6D15000FBD6F /* Content */,
				447F13AC1B0B6D15000FBD6F /* GameScene.sks */,
				447F13AD1B0B6D15000FBD6F /* Helper.swift */,
				447F13A11B0B6CCA000FBD6F /* GameScene.swift */,
			);
			name = GameScene;
			sourceTree = "<group>";
		};
		447F13A41B0B6D15000FBD6F /* Content */ = {
			isa = PBXGroup;
			children = (
				447F13A71B0B6D15000FBD6F /* explode.sks */,
				447F13A81B0B6D15000FBD6F /* fuse.sks */,
				447F13A91B0B6D15000FBD6F /* rocket.png */,
				447F13AA1B0B6D15000FBD6F /* rocket@2x.png */,
				447F13AB1B0B6D15000FBD6F /* spark.png */,
			);
			path = Content;
			sourceTree = "<group>";
		};
		4482EE7319F943D60078D8C4 = {
			isa = PBXGroup;
			children = (
				448683771B84839900315ED5 /* Frameworks */,
				4482EE7E19F943D60078D8C4 /* TreasureHunt */,
				4482EE9719F943D60078D8C4 /* GoogleTreasureHuntTests */,
				4482EE7D19F943D60078D8C4 /* Products */,
				D308537E46D26499940FE522 /* Pods */,
			);
			sourceTree = "<group>";
		};
		4482EE7D19F943D60078D8C4 /* Products */ = {
			isa = PBXGroup;
			children = (
				4482EE7C19F943D60078D8C4 /* GoogleTreasureHunt.app */,
				4482EE9419F943D60078D8C4 /* GoogleTreasureHunt.xctest */,
			);
			name = Products;
			sourceTree = "<group>";
		};
		4482EE7E19F943D60078D8C4 /* TreasureHunt */ = {
			isa = PBXGroup;
			children = (
				44D319811A056EA800DB7D6E /* SSZipArchive */,
				4482EEC219F944F70078D8C4 /* Business */,
				4482EEBE19F944BE0078D8C4 /* Manager */,
				4482EEBF19F944CD0078D8C4 /* Bean */,
				4482EEC019F944E30078D8C4 /* Controller */,
				447F13A31B0B6CD0000FBD6F /* GameScene */,
				4454D7081BCB2EE500063B71 /* YPMagnifyingGlass */,
				44DA2A8B1B0CEB1A00800D69 /* Graphic */,
				44D9A5561AE94579005B58AD /* ThirthLib */,
				4482EE8B19F943D60078D8C4 /* Images.xcassets */,
				4482EE8319F943D60078D8C4 /* GoogleTreasureHunt.xcdatamodeld */,
				4482EE7F19F943D60078D8C4 /* Supporting Files */,
			);
			name = TreasureHunt;
			path = GoogleTreasureHunt;
			sourceTree = "<group>";
		};
		4482EE7F19F943D60078D8C4 /* Supporting Files */ = {
			isa = PBXGroup;
			children = (
				448683751B811A1D00315ED5 /* hunt.zip */,
				44DA2A811B0CE8FF00800D69 /* rejected.mp3 */,
				44DA2A851B0CE96A00800D69 /* coin.mp3 */,
				44DA2A861B0CE96A00800D69 /* fanfare.mp3 */,
				44DA2A871B0CE96A00800D69 /* founditall.mp3 */,
				44DA2A821B0CE8FF00800D69 /* repeat.mp3 */,
				4482EE8019F943D60078D8C4 /* Info.plist */,
			);
			name = "Supporting Files";
			sourceTree = "<group>";
		};
		4482EE9719F943D60078D8C4 /* GoogleTreasureHuntTests */ = {
			isa = PBXGroup;
			children = (
				4482EE9A19F943D60078D8C4 /* GoogleTreasureHuntTests.swift */,
				4482EE9819F943D60078D8C4 /* Supporting Files */,
			);
			path = GoogleTreasureHuntTests;
			sourceTree = "<group>";
		};
		4482EE9819F943D60078D8C4 /* Supporting Files */ = {
			isa = PBXGroup;
			children = (
				4482EE9919F943D60078D8C4 /* Info.plist */,
			);
			name = "Supporting Files";
			sourceTree = "<group>";
		};
		4482EEBE19F944BE0078D8C4 /* Manager */ = {
			isa = PBXGroup;
			children = (
				4482EEA919F944AC0078D8C4 /* HuntResourceManager.swift */,
				4444C64D1A90E3B4001B9CAC /* DataManager.swift */,
				4482EEAF19F944AC0078D8C4 /* SoundManager.swift */,
				4483FFD81BF8A56F000118B5 /* ThemeManager.swift */,
			);
			name = Manager;
			sourceTree = "<group>";
		};
		4482EEBF19F944CD0078D8C4 /* Bean */ = {
			isa = PBXGroup;
			children = (
				4482EEA519F944AC0078D8C4 /* AHTag.swift */,
				4482EEA619F944AC0078D8C4 /* Clue.swift */,
				4482EEA819F944AC0078D8C4 /* Hunt.swift */,
				4482EEB019F944AC0078D8C4 /* TriviaQuestion.swift */,
			);
			name = Bean;
			sourceTree = "<group>";
		};
		4482EEC019F944E30078D8C4 /* Controller */ = {
			isa = PBXGroup;
			children = (
				44DA2A9A1B0F701B00800D69 /* WelcomeViewController.swift */,
				4482EE8619F943D60078D8C4 /* ViewController.swift */,
				440146D31AFBA98D00B8E802 /* ClueViewController.swift */,
				440146D81AFF6B9100B8E802 /* QuestionViewController.swift */,
				447F139F1B0ACB04000FBD6F /* VictoryViewController.swift */,
				4482EEAC19F944AC0078D8C4 /* ListViewController.swift */,
				44DA2A9E1B10BD6600800D69 /* MiddleViewController.swift */,
			);
			name = Controller;
			sourceTree = "<group>";
		};
		4482EEC219F944F70078D8C4 /* Business */ = {
			isa = PBXGroup;
			children = (
				445673E019FC6F3100B511B8 /* GoogleTreasureHunt-Bridging-Header.h */,
				4482EE8119F943D60078D8C4 /* AppDelegate.swift */,
			);
			name = Business;
			sourceTree = "<group>";
		};
		448683771B84839900315ED5 /* Frameworks */ = {
			isa = PBXGroup;
			children = (
				447F13D11B0B82E3000FBD6F /* AddressBook.framework */,
				447F13CF1B0B82DE000FBD6F /* AssetsLibrary.framework */,
				447F13CD1B0B82D2000FBD6F /* CoreData.framework */,
				447F13CB1B0B82C9000FBD6F /* CoreLocation.framework */,
				447F13C91B0B82C4000FBD6F /* CoreMotion.framework */,
				447F13C71B0B82BA000FBD6F /* CoreTelephony.framework */,
				447F13C51B0B82B5000FBD6F /* CoreText.framework */,
				447F13C31B0B82AA000FBD6F /* Foundation.framework */,
				447F13C11B0B8298000FBD6F /* MediaPlayer.framework */,
				447F13BF1B0B8288000FBD6F /* QuartzCore.framework */,
				447F13BD1B0B8278000FBD6F /* Security.framework */,
				447F13BB1B0B826E000FBD6F /* SystemConfiguration.framework */,
				447F13B91B0B825A000FBD6F /* libc++.dylib */,
				447F13B71B0B8250000FBD6F /* libz.dylib */,
				B9F93C7971CD9CB24F9F0D48 /* Pods.framework */,
			);
			name = Frameworks;
			sourceTree = "<group>";
		};
		44D319811A056EA800DB7D6E /* SSZipArchive */ = {
			isa = PBXGroup;
			children = (
				44D319971A066E2500DB7D6E /* libz.1.2.5.dylib */,
				44D319821A056EA800DB7D6E /* minizip */,
				44D3198C1A056EA800DB7D6E /* SSZipArchive.h */,
				44D3198D1A056EA800DB7D6E /* SSZipArchive.m */,
			);
			path = SSZipArchive;
			sourceTree = "<group>";
		};
		44D319821A056EA800DB7D6E /* minizip */ = {
			isa = PBXGroup;
			children = (
				44D319831A056EA800DB7D6E /* crypt.h */,
				44D319841A056EA800DB7D6E /* ioapi.c */,
				44D319851A056EA800DB7D6E /* ioapi.h */,
				44D319861A056EA800DB7D6E /* mztools.c */,
				44D319871A056EA800DB7D6E /* mztools.h */,
				44D319881A056EA800DB7D6E /* unzip.c */,
				44D319891A056EA800DB7D6E /* unzip.h */,
				44D3198A1A056EA800DB7D6E /* zip.c */,
				44D3198B1A056EA800DB7D6E /* zip.h */,
			);
			path = minizip;
			sourceTree = "<group>";
		};
		44D9A5561AE94579005B58AD /* ThirthLib */ = {
			isa = PBXGroup;
			children = (
				4444C62B1A90DECF001B9CAC /* Extensions.swift */,
				44D9A5611AF12A4D005B58AD /* ExtensionV.swift */,
				44DA2A7F1B0CE2D000800D69 /* Reachability.swift */,
				44D9A55E1AEA5A80005B58AD /* SwiftyJSON.swift */,
			);
			name = ThirthLib;
			sourceTree = "<group>";
		};
		44DA2A8B1B0CEB1A00800D69 /* Graphic */ = {
			isa = PBXGroup;
			children = (
				4482EE8819F943D60078D8C4 /* Main.storyboard */,
				4482EE8D19F943D60078D8C4 /* LaunchScreen.xib */,
			);
			name = Graphic;
			sourceTree = "<group>";
		};
		D308537E46D26499940FE522 /* Pods */ = {
			isa = PBXGroup;
			children = (
				1AFBE947849CFF2EA8509C6D /* Pods.debug.xcconfig */,
				4F8265B6940249A2157EF7D1 /* Pods.release.xcconfig */,
			);
			name = Pods;
			sourceTree = "<group>";
		};
/* End PBXGroup section */

/* Begin PBXNativeTarget section */
		4482EE7B19F943D60078D8C4 /* GoogleTreasureHunt */ = {
			isa = PBXNativeTarget;
			buildConfigurationList = 4482EE9E19F943D60078D8C4 /* Build configuration list for PBXNativeTarget "GoogleTreasureHunt" */;
			buildPhases = (
				245B3B554C5D3DB2CD74C368 /* Check Pods Manifest.lock */,
				4482EE7819F943D60078D8C4 /* Sources */,
				4482EE7919F943D60078D8C4 /* Frameworks */,
				4482EE7A19F943D60078D8C4 /* Resources */,
				440146E11B02594500B8E802 /* Embed Frameworks */,
				48F4C15C3901559B45B49FCC /* Embed Pods Frameworks */,
				D296EB2BE0701A24E56EB689 /* Copy Pods Resources */,
			);
			buildRules = (
			);
			dependencies = (
			);
			name = GoogleTreasureHunt;
			productName = GoogleTreasureHunt;
			productReference = 4482EE7C19F943D60078D8C4 /* GoogleTreasureHunt.app */;
			productType = "com.apple.product-type.application";
		};
		4482EE9319F943D60078D8C4 /* GoogleTreasureHuntTests */ = {
			isa = PBXNativeTarget;
			buildConfigurationList = 4482EEA119F943D60078D8C4 /* Build configuration list for PBXNativeTarget "GoogleTreasureHuntTests" */;
			buildPhases = (
				4482EE9019F943D60078D8C4 /* Sources */,
				4482EE9119F943D60078D8C4 /* Frameworks */,
				4482EE9219F943D60078D8C4 /* Resources */,
			);
			buildRules = (
			);
			dependencies = (
				4482EE9619F943D60078D8C4 /* PBXTargetDependency */,
			);
			name = GoogleTreasureHuntTests;
			productName = GoogleTreasureHuntTests;
			productReference = 4482EE9419F943D60078D8C4 /* GoogleTreasureHunt.xctest */;
			productType = "com.apple.product-type.bundle.unit-test";
		};
/* End PBXNativeTarget section */

/* Begin PBXProject section */
		4482EE7419F943D60078D8C4 /* Project object */ = {
			isa = PBXProject;
			attributes = {
				LastSwiftMigration = 0700;
				LastSwiftUpdateCheck = 0700;
				LastUpgradeCheck = 0610;
				ORGANIZATIONNAME = "Vincenzo Favara";
				TargetAttributes = {
					4482EE7B19F943D60078D8C4 = {
						CreatedOnToolsVersion = 6.1;
						DevelopmentTeam = 3YJR8G2GS6;
						SystemCapabilities = {
							com.apple.BackgroundModes = {
								enabled = 1;
							};
						};
					};
					4482EE9319F943D60078D8C4 = {
						CreatedOnToolsVersion = 6.1;
						TestTargetID = 4482EE7B19F943D60078D8C4;
					};
				};
			};
			buildConfigurationList = 4482EE7719F943D60078D8C4 /* Build configuration list for PBXProject "GoogleTreasureHunt" */;
			compatibilityVersion = "Xcode 3.2";
			developmentRegion = English;
			hasScannedForEncodings = 0;
			knownRegions = (
				en,
				Base,
				ar,
				ca,
				cs,
				da,
				de,
				el,
				en_AU,
				en_GB,
				es,
				es_MX,
				fi,
				fr,
				hr,
				hu,
				id,
				it,
				iw,
				ja,
				ko,
				ms,
				nb,
				nl,
				pl,
				pt,
				pt_PT,
				ro,
				ru,
				sk,
				sv,
				th,
				tr,
				uk,
				vi,
				zh_CN,
				zh_TW,
			);
			mainGroup = 4482EE7319F943D60078D8C4;
			productRefGroup = 4482EE7D19F943D60078D8C4 /* Products */;
			projectDirPath = "";
			projectRoot = "";
			targets = (
				4482EE7B19F943D60078D8C4 /* GoogleTreasureHunt */,
				4482EE9319F943D60078D8C4 /* GoogleTreasureHuntTests */,
			);
		};
/* End PBXProject section */

/* Begin PBXResourcesBuildPhase section */
		4482EE7A19F943D60078D8C4 /* Resources */ = {
			isa = PBXResourcesBuildPhase;
			buildActionMask = 2147483647;
			files = (
				44DA2A831B0CE8FF00800D69 /* rejected.mp3 in Resources */,
				44DA2A891B0CE96A00800D69 /* fanfare.mp3 in Resources */,
				447F13B41B0B6D15000FBD6F /* spark.png in Resources */,
				4482EE8A19F943D60078D8C4 /* Main.storyboard in Resources */,
				447F13B11B0B6D15000FBD6F /* fuse.sks in Resources */,
				447F13B51B0B6D15000FBD6F /* GameScene.sks in Resources */,
				44DA2A841B0CE8FF00800D69 /* repeat.mp3 in Resources */,
				448683761B811A1D00315ED5 /* hunt.zip in Resources */,
				447F13B21B0B6D15000FBD6F /* rocket.png in Resources */,
				447F13B01B0B6D15000FBD6F /* explode.sks in Resources */,
				447F13B31B0B6D15000FBD6F /* rocket@2x.png in Resources */,
				44DA2A8A1B0CE96A00800D69 /* founditall.mp3 in Resources */,
				4482EE8F19F943D60078D8C4 /* LaunchScreen.xib in Resources */,
				4482EE8C19F943D60078D8C4 /* Images.xcassets in Resources */,
				44DA2A881B0CE96A00800D69 /* coin.mp3 in Resources */,
			);
			runOnlyForDeploymentPostprocessing = 0;
		};
		4482EE9219F943D60078D8C4 /* Resources */ = {
			isa = PBXResourcesBuildPhase;
			buildActionMask = 2147483647;
			files = (
			);
			runOnlyForDeploymentPostprocessing = 0;
		};
/* End PBXResourcesBuildPhase section */

/* Begin PBXShellScriptBuildPhase section */
		245B3B554C5D3DB2CD74C368 /* Check Pods Manifest.lock */ = {
			isa = PBXShellScriptBuildPhase;
			buildActionMask = 2147483647;
			files = (
			);
			inputPaths = (
			);
			name = "Check Pods Manifest.lock";
			outputPaths = (
			);
			runOnlyForDeploymentPostprocessing = 0;
			shellPath = /bin/sh;
			shellScript = "diff \"${PODS_ROOT}/../Podfile.lock\" \"${PODS_ROOT}/Manifest.lock\" > /dev/null\nif [[ $? != 0 ]] ; then\n    cat << EOM\nerror: The sandbox is not in sync with the Podfile.lock. Run 'pod install' or update your CocoaPods installation.\nEOM\n    exit 1\nfi\n";
			showEnvVarsInLog = 0;
		};
		48F4C15C3901559B45B49FCC /* Embed Pods Frameworks */ = {
			isa = PBXShellScriptBuildPhase;
			buildActionMask = 2147483647;
			files = (
			);
			inputPaths = (
			);
			name = "Embed Pods Frameworks";
			outputPaths = (
			);
			runOnlyForDeploymentPostprocessing = 0;
			shellPath = /bin/sh;
			shellScript = "\"${SRCROOT}/Pods/Target Support Files/Pods/Pods-frameworks.sh\"\n";
			showEnvVarsInLog = 0;
		};
		D296EB2BE0701A24E56EB689 /* Copy Pods Resources */ = {
			isa = PBXShellScriptBuildPhase;
			buildActionMask = 2147483647;
			files = (
			);
			inputPaths = (
			);
			name = "Copy Pods Resources";
			outputPaths = (
			);
			runOnlyForDeploymentPostprocessing = 0;
			shellPath = /bin/sh;
			shellScript = "\"${SRCROOT}/Pods/Target Support Files/Pods/Pods-resources.sh\"\n";
			showEnvVarsInLog = 0;
		};
/* End PBXShellScriptBuildPhase section */

/* Begin PBXSourcesBuildPhase section */
		4482EE7819F943D60078D8C4 /* Sources */ = {
			isa = PBXSourcesBuildPhase;
			buildActionMask = 2147483647;
			files = (
				4482EEB219F944AC0078D8C4 /* AHTag.swift in Sources */,
				44D3198F1A056EA800DB7D6E /* mztools.c in Sources */,
				44D9A55F1AEA5A80005B58AD /* SwiftyJSON.swift in Sources */,
				44DA2A9F1B10BD6600800D69 /* MiddleViewController.swift in Sources */,
				44DA2A801B0CE2D000800D69 /* Reachability.swift in Sources */,
				440146D41AFBA98D00B8E802 /* ClueViewController.swift in Sources */,
				44D319911A056EA800DB7D6E /* zip.c in Sources */,
				44D319921A056EA800DB7D6E /* SSZipArchive.m in Sources */,
				4454D7051BCB2EB700063B71 /* YPMagnifyingGlass.swift in Sources */,
				44DA2A9B1B0F701B00800D69 /* WelcomeViewController.swift in Sources */,
				4482EE8719F943D60078D8C4 /* ViewController.swift in Sources */,
				4482EEB919F944AC0078D8C4 /* ListViewController.swift in Sources */,
				4444C64E1A90E3B4001B9CAC /* DataManager.swift in Sources */,
				447F13A01B0ACB04000FBD6F /* VictoryViewController.swift in Sources */,
				4482EE8519F943D60078D8C4 /* GoogleTreasureHunt.xcdatamodeld in Sources */,
				4444C63E1A90DED0001B9CAC /* Extensions.swift in Sources */,
				4482EE8219F943D60078D8C4 /* AppDelegate.swift in Sources */,
				4482EEBD19F944AC0078D8C4 /* TriviaQuestion.swift in Sources */,
				4482EEB519F944AC0078D8C4 /* Hunt.swift in Sources */,
				44D9A5621AF12A4D005B58AD /* ExtensionV.swift in Sources */,
				4482EEB319F944AC0078D8C4 /* Clue.swift in Sources */,
				44D3198E1A056EA800DB7D6E /* ioapi.c in Sources */,
				447F13B61B0B6D15000FBD6F /* Helper.swift in Sources */,
				44D319901A056EA800DB7D6E /* unzip.c in Sources */,
				440146D91AFF6B9100B8E802 /* QuestionViewController.swift in Sources */,
				4483FFD91BF8A56F000118B5 /* ThemeManager.swift in Sources */,
				4482EEB619F944AC0078D8C4 /* HuntResourceManager.swift in Sources */,
				447F13A21B0B6CCA000FBD6F /* GameScene.swift in Sources */,
				4454D7061BCB2EB700063B71 /* YPMagnifyingView.swift in Sources */,
				4482EEBC19F944AC0078D8C4 /* SoundManager.swift in Sources */,
			);
			runOnlyForDeploymentPostprocessing = 0;
		};
		4482EE9019F943D60078D8C4 /* Sources */ = {
			isa = PBXSourcesBuildPhase;
			buildActionMask = 2147483647;
			files = (
				4482EE9B19F943D60078D8C4 /* GoogleTreasureHuntTests.swift in Sources */,
			);
			runOnlyForDeploymentPostprocessing = 0;
		};
/* End PBXSourcesBuildPhase section */

/* Begin PBXTargetDependency section */
		4482EE9619F943D60078D8C4 /* PBXTargetDependency */ = {
			isa = PBXTargetDependency;
			target = 4482EE7B19F943D60078D8C4 /* GoogleTreasureHunt */;
			targetProxy = 4482EE9519F943D60078D8C4 /* PBXContainerItemProxy */;
		};
/* End PBXTargetDependency section */

/* Begin PBXVariantGroup section */
		4482EE8819F943D60078D8C4 /* Main.storyboard */ = {
			isa = PBXVariantGroup;
			children = (
				4482EE8919F943D60078D8C4 /* Base */,
			);
			name = Main.storyboard;
			sourceTree = "<group>";
		};
		4482EE8D19F943D60078D8C4 /* LaunchScreen.xib */ = {
			isa = PBXVariantGroup;
			children = (
				4482EE8E19F943D60078D8C4 /* Base */,
			);
			name = LaunchScreen.xib;
			sourceTree = "<group>";
		};
/* End PBXVariantGroup section */

/* Begin XCBuildConfiguration section */
		4482EE9C19F943D60078D8C4 /* Debug */ = {
			isa = XCBuildConfiguration;
			buildSettings = {
				ALWAYS_SEARCH_USER_PATHS = NO;
				CLANG_CXX_LANGUAGE_STANDARD = "gnu++0x";
				CLANG_CXX_LIBRARY = "libc++";
				CLANG_ENABLE_MODULES = YES;
				CLANG_ENABLE_OBJC_ARC = YES;
				CLANG_WARN_BOOL_CONVERSION = YES;
				CLANG_WARN_CONSTANT_CONVERSION = YES;
				CLANG_WARN_DIRECT_OBJC_ISA_USAGE = YES_ERROR;
				CLANG_WARN_EMPTY_BODY = YES;
				CLANG_WARN_ENUM_CONVERSION = YES;
				CLANG_WARN_INT_CONVERSION = YES;
				CLANG_WARN_OBJC_ROOT_CLASS = YES_ERROR;
				CLANG_WARN_UNREACHABLE_CODE = YES;
				CLANG_WARN__DUPLICATE_METHOD_MATCH = YES;
				CODE_SIGN_IDENTITY = "";
				"CODE_SIGN_IDENTITY[sdk=iphoneos*]" = "iPhone Developer";
				COPY_PHASE_STRIP = NO;
				ENABLE_STRICT_OBJC_MSGSEND = YES;
				GCC_C_LANGUAGE_STANDARD = gnu99;
				GCC_DYNAMIC_NO_PIC = NO;
				GCC_OPTIMIZATION_LEVEL = 0;
				GCC_PREPROCESSOR_DEFINITIONS = (
					"DEBUG=1",
					"$(inherited)",
				);
				GCC_SYMBOLS_PRIVATE_EXTERN = NO;
				GCC_WARN_64_TO_32_BIT_CONVERSION = YES;
				GCC_WARN_ABOUT_RETURN_TYPE = YES_ERROR;
				GCC_WARN_UNDECLARED_SELECTOR = YES;
				GCC_WARN_UNINITIALIZED_AUTOS = YES_AGGRESSIVE;
				GCC_WARN_UNUSED_FUNCTION = YES;
				GCC_WARN_UNUSED_VARIABLE = YES;
				IPHONEOS_DEPLOYMENT_TARGET = 8.1;
				MTL_ENABLE_DEBUG_INFO = YES;
				ONLY_ACTIVE_ARCH = YES;
				SDKROOT = iphoneos;
				SWIFT_OPTIMIZATION_LEVEL = "-Onone";
				TARGETED_DEVICE_FAMILY = "1,2";
			};
			name = Debug;
		};
		4482EE9D19F943D60078D8C4 /* Release */ = {
			isa = XCBuildConfiguration;
			buildSettings = {
				ALWAYS_SEARCH_USER_PATHS = NO;
				CLANG_CXX_LANGUAGE_STANDARD = "gnu++0x";
				CLANG_CXX_LIBRARY = "libc++";
				CLANG_ENABLE_MODULES = YES;
				CLANG_ENABLE_OBJC_ARC = YES;
				CLANG_WARN_BOOL_CONVERSION = YES;
				CLANG_WARN_CONSTANT_CONVERSION = YES;
				CLANG_WARN_DIRECT_OBJC_ISA_USAGE = YES_ERROR;
				CLANG_WARN_EMPTY_BODY = YES;
				CLANG_WARN_ENUM_CONVERSION = YES;
				CLANG_WARN_INT_CONVERSION = YES;
				CLANG_WARN_OBJC_ROOT_CLASS = YES_ERROR;
				CLANG_WARN_UNREACHABLE_CODE = YES;
				CLANG_WARN__DUPLICATE_METHOD_MATCH = YES;
				"CODE_SIGN_IDENTITY[sdk=iphoneos*]" = "iPhone Developer";
				COPY_PHASE_STRIP = YES;
				ENABLE_NS_ASSERTIONS = NO;
				ENABLE_STRICT_OBJC_MSGSEND = YES;
				GCC_C_LANGUAGE_STANDARD = gnu99;
				GCC_WARN_64_TO_32_BIT_CONVERSION = YES;
				GCC_WARN_ABOUT_RETURN_TYPE = YES_ERROR;
				GCC_WARN_UNDECLARED_SELECTOR = YES;
				GCC_WARN_UNINITIALIZED_AUTOS = YES_AGGRESSIVE;
				GCC_WARN_UNUSED_FUNCTION = YES;
				GCC_WARN_UNUSED_VARIABLE = YES;
				IPHONEOS_DEPLOYMENT_TARGET = 8.1;
				MTL_ENABLE_DEBUG_INFO = NO;
				PROVISIONING_PROFILE = "";
				"PROVISIONING_PROFILE[sdk=*]" = "";
				SDKROOT = iphoneos;
				TARGETED_DEVICE_FAMILY = "1,2";
				VALIDATE_PRODUCT = YES;
			};
			name = Release;
		};
		4482EE9F19F943D60078D8C4 /* Debug */ = {
			isa = XCBuildConfiguration;
			baseConfigurationReference = 1AFBE947849CFF2EA8509C6D /* Pods.debug.xcconfig */;
			buildSettings = {
				ASSETCATALOG_COMPILER_APPICON_NAME = AppIcon;
				ASSETCATALOG_COMPILER_LAUNCHIMAGE_NAME = LaunchImage;
				CLANG_ENABLE_MODULES = YES;
				CODE_SIGN_IDENTITY = "iPhone Developer";
				"CODE_SIGN_IDENTITY[sdk=iphoneos*]" = "iPhone Developer";
				FRAMEWORK_SEARCH_PATHS = (
					"$(inherited)",
					"$(PROJECT_DIR)/GoogleTreasureHunt",
					"/Users/vivi/Documents/WS_CODE/W_S_IOS/Alamofire-master/build/Debug-iphoneos",
					"$(PROJECT_DIR)/GoogleTreasureHunt/google-plus-ios-sdk-1.7.1",
					"$(PROJECT_DIR)/GoogleTreasureHunt/GooglePlayGames-iOS-SDK.v3.1.1",
				);
				INFOPLIST_FILE = GoogleTreasureHunt/Info.plist;
				LD_RUNPATH_SEARCH_PATHS = "$(inherited) @executable_path/Frameworks";
				LIBRARY_SEARCH_PATHS = (
					"$(inherited)",
					"$(PROJECT_DIR)/GoogleTreasureHunt/SSZipArchive",
				);
				PRODUCT_NAME = GoogleTreasureHunt;
				PROVISIONING_PROFILE = "";
				SWIFT_OBJC_BRIDGING_HEADER = "GoogleTreasureHunt/GoogleTreasureHunt-Bridging-Header.h";
				SWIFT_OPTIMIZATION_LEVEL = "-Ounchecked";
				TARGETED_DEVICE_FAMILY = 1;
			};
			name = Debug;
		};
		4482EEA019F943D60078D8C4 /* Release */ = {
			isa = XCBuildConfiguration;
			baseConfigurationReference = 4F8265B6940249A2157EF7D1 /* Pods.release.xcconfig */;
			buildSettings = {
				ASSETCATALOG_COMPILER_APPICON_NAME = AppIcon;
				ASSETCATALOG_COMPILER_LAUNCHIMAGE_NAME = LaunchImage;
				CLANG_ENABLE_MODULES = YES;
				CODE_SIGN_IDENTITY = "iPhone Developer";
				"CODE_SIGN_IDENTITY[sdk=iphoneos*]" = "iPhone Developer";
				FRAMEWORK_SEARCH_PATHS = (
					"$(inherited)",
					"$(PROJECT_DIR)/GoogleTreasureHunt",
					"/Users/vivi/Documents/WS_CODE/W_S_IOS/Alamofire-master/build/Debug-iphoneos",
					"$(PROJECT_DIR)/GoogleTreasureHunt/google-plus-ios-sdk-1.7.1",
					"$(PROJECT_DIR)/GoogleTreasureHunt/GooglePlayGames-iOS-SDK.v3.1.1",
				);
				INFOPLIST_FILE = GoogleTreasureHunt/Info.plist;
				LD_RUNPATH_SEARCH_PATHS = "$(inherited) @executable_path/Frameworks";
				LIBRARY_SEARCH_PATHS = (
					"$(inherited)",
					"$(PROJECT_DIR)/GoogleTreasureHunt/SSZipArchive",
				);
				PRODUCT_NAME = GoogleTreasureHunt;
				PROVISIONING_PROFILE = "";
				SWIFT_OBJC_BRIDGING_HEADER = "GoogleTreasureHunt/GoogleTreasureHunt-Bridging-Header.h";
				SWIFT_OPTIMIZATION_LEVEL = "-Ounchecked";
				TARGETED_DEVICE_FAMILY = 1;
			};
			name = Release;
		};
		4482EEA219F943D60078D8C4 /* Debug */ = {
			isa = XCBuildConfiguration;
			buildSettings = {
				BUNDLE_LOADER = "$(TEST_HOST)";
				FRAMEWORK_SEARCH_PATHS = (
					"$(SDKROOT)/Developer/Library/Frameworks",
					"$(inherited)",
				);
				GCC_PREPROCESSOR_DEFINITIONS = (
					"DEBUG=1",
					"$(inherited)",
				);
				INFOPLIST_FILE = GoogleTreasureHuntTests/Info.plist;
				LD_RUNPATH_SEARCH_PATHS = "$(inherited) @executable_path/Frameworks @loader_path/Frameworks";
				PRODUCT_NAME = GoogleTreasureHunt;
				TEST_HOST = "$(BUILT_PRODUCTS_DIR)/GoogleTreasureHunt.app/GoogleTreasureHunt";
			};
			name = Debug;
		};
		4482EEA319F943D60078D8C4 /* Release */ = {
			isa = XCBuildConfiguration;
			buildSettings = {
				BUNDLE_LOADER = "$(TEST_HOST)";
				FRAMEWORK_SEARCH_PATHS = (
					"$(SDKROOT)/Developer/Library/Frameworks",
					"$(inherited)",
				);
				INFOPLIST_FILE = GoogleTreasureHuntTests/Info.plist;
				LD_RUNPATH_SEARCH_PATHS = "$(inherited) @executable_path/Frameworks @loader_path/Frameworks";
				PRODUCT_NAME = GoogleTreasureHunt;
				TEST_HOST = "$(BUILT_PRODUCTS_DIR)/GoogleTreasureHunt.app/GoogleTreasureHunt";
			};
			name = Release;
		};
/* End XCBuildConfiguration section */

/* Begin XCConfigurationList section */
		4482EE7719F943D60078D8C4 /* Build configuration list for PBXProject "GoogleTreasureHunt" */ = {
			isa = XCConfigurationList;
			buildConfigurations = (
				4482EE9C19F943D60078D8C4 /* Debug */,
				4482EE9D19F943D60078D8C4 /* Release */,
			);
			defaultConfigurationIsVisible = 0;
			defaultConfigurationName = Release;
		};
		4482EE9E19F943D60078D8C4 /* Build configuration list for PBXNativeTarget "GoogleTreasureHunt" */ = {
			isa = XCConfigurationList;
			buildConfigurations = (
				4482EE9F19F943D60078D8C4 /* Debug */,
				4482EEA019F943D60078D8C4 /* Release */,
			);
			defaultConfigurationIsVisible = 0;
			defaultConfigurationName = Release;
		};
		4482EEA119F943D60078D8C4 /* Build configuration list for PBXNativeTarget "GoogleTreasureHuntTests" */ = {
			isa = XCConfigurationList;
			buildConfigurations = (
				4482EEA219F943D60078D8C4 /* Debug */,
				4482EEA319F943D60078D8C4 /* Release */,
			);
			defaultConfigurationIsVisible = 0;
			defaultConfigurationName = Release;
		};
/* End XCConfigurationList section */

/* Begin XCVersionGroup section */
		4482EE8319F943D60078D8C4 /* GoogleTreasureHunt.xcdatamodeld */ = {
			isa = XCVersionGroup;
			children = (
				4482EE8419F943D60078D8C4 /* GoogleTreasureHunt.xcdatamodel */,
			);
			currentVersion = 4482EE8419F943D60078D8C4 /* GoogleTreasureHunt.xcdatamodel */;
			path = GoogleTreasureHunt.xcdatamodeld;
			sourceTree = "<group>";
			versionGroupType = wrapper.xcdatamodel;
		};
/* End XCVersionGroup section */
	};
	rootObject = 4482EE7419F943D60078D8C4 /* Project object */;
}
