// !$*UTF8*$!
{
	archiveVersion = 1;
	classes = {
	};
	objectVersion = 46;
	objects = {

/* Begin PBXBuildFile section */
		4482EE8219F943D60078D8C4 /* AppDelegate.swift in Sources */ = {isa = PBXBuildFile; fileRef = 4482EE8119F943D60078D8C4 /* AppDelegate.swift */; };
		4482EE8519F943D60078D8C4 /* GoogleTreasureHunt.xcdatamodeld in Sources */ = {isa = PBXBuildFile; fileRef = 4482EE8319F943D60078D8C4 /* GoogleTreasureHunt.xcdatamodeld */; };
		4482EE8719F943D60078D8C4 /* ViewController.swift in Sources */ = {isa = PBXBuildFile; fileRef = 4482EE8619F943D60078D8C4 /* ViewController.swift */; };
		4482EE8A19F943D60078D8C4 /* Main.storyboard in Resources */ = {isa = PBXBuildFile; fileRef = 4482EE8819F943D60078D8C4 /* Main.storyboard */; };
		4482EE8C19F943D60078D8C4 /* Images.xcassets in Resources */ = {isa = PBXBuildFile; fileRef = 4482EE8B19F943D60078D8C4 /* Images.xcassets */; };
		4482EE8F19F943D60078D8C4 /* LaunchScreen.xib in Resources */ = {isa = PBXBuildFile; fileRef = 4482EE8D19F943D60078D8C4 /* LaunchScreen.xib */; };
		4482EE9B19F943D60078D8C4 /* GoogleTreasureHuntTests.swift in Sources */ = {isa = PBXBuildFile; fileRef = 4482EE9A19F943D60078D8C4 /* GoogleTreasureHuntTests.swift */; };
		4482EEB119F944AC0078D8C4 /* AchievementManager.swift in Sources */ = {isa = PBXBuildFile; fileRef = 4482EEA419F944AC0078D8C4 /* AchievementManager.swift */; };
		4482EEB219F944AC0078D8C4 /* AHTag.swift in Sources */ = {isa = PBXBuildFile; fileRef = 4482EEA519F944AC0078D8C4 /* AHTag.swift */; };
		4482EEB319F944AC0078D8C4 /* Clue.swift in Sources */ = {isa = PBXBuildFile; fileRef = 4482EEA619F944AC0078D8C4 /* Clue.swift */; };
		4482EEB519F944AC0078D8C4 /* Hunt.swift in Sources */ = {isa = PBXBuildFile; fileRef = 4482EEA819F944AC0078D8C4 /* Hunt.swift */; };
		4482EEB619F944AC0078D8C4 /* HuntResourceManager.swift in Sources */ = {isa = PBXBuildFile; fileRef = 4482EEA919F944AC0078D8C4 /* HuntResourceManager.swift */; };
		4482EEB719F944AC0078D8C4 /* JSon.swift in Sources */ = {isa = PBXBuildFile; fileRef = 4482EEAA19F944AC0078D8C4 /* JSon.swift */; };
		4482EEB919F944AC0078D8C4 /* ListViewController.swift in Sources */ = {isa = PBXBuildFile; fileRef = 4482EEAC19F944AC0078D8C4 /* ListViewController.swift */; };
		4482EEBA19F944AC0078D8C4 /* QrViewController.swift in Sources */ = {isa = PBXBuildFile; fileRef = 4482EEAD19F944AC0078D8C4 /* QrViewController.swift */; };
		4482EEBB19F944AC0078D8C4 /* SigninViewController.swift in Sources */ = {isa = PBXBuildFile; fileRef = 4482EEAE19F944AC0078D8C4 /* SigninViewController.swift */; };
		4482EEBC19F944AC0078D8C4 /* SoundManager.swift in Sources */ = {isa = PBXBuildFile; fileRef = 4482EEAF19F944AC0078D8C4 /* SoundManager.swift */; };
		4482EEBD19F944AC0078D8C4 /* TriviaQuestion.swift in Sources */ = {isa = PBXBuildFile; fileRef = 4482EEB019F944AC0078D8C4 /* TriviaQuestion.swift */; };
		4482EEDC19F945810078D8C4 /* app0.jpg in Resources */ = {isa = PBXBuildFile; fileRef = 4482EEC419F945810078D8C4 /* app0.jpg */; };
		4482EEDD19F945810078D8C4 /* app1.jpg in Resources */ = {isa = PBXBuildFile; fileRef = 4482EEC519F945810078D8C4 /* app1.jpg */; };
		4482EEDE19F945810078D8C4 /* app2.jpg in Resources */ = {isa = PBXBuildFile; fileRef = 4482EEC619F945810078D8C4 /* app2.jpg */; };
		4482EEDF19F945810078D8C4 /* app3.jpg in Resources */ = {isa = PBXBuildFile; fileRef = 4482EEC719F945810078D8C4 /* app3.jpg */; };
		4482EEE019F945810078D8C4 /* app4.jpg in Resources */ = {isa = PBXBuildFile; fileRef = 4482EEC819F945810078D8C4 /* app4.jpg */; };
		4482EEE119F945810078D8C4 /* app5.jpg in Resources */ = {isa = PBXBuildFile; fileRef = 4482EEC919F945810078D8C4 /* app5.jpg */; };
		4482EEE219F945810078D8C4 /* sampleHunt.json in Resources */ = {isa = PBXBuildFile; fileRef = 4482EECA19F945810078D8C4 /* sampleHunt.json */; };
		4482EEE319F945810078D8C4 /* android-apple-friends.jpg in Resources */ = {isa = PBXBuildFile; fileRef = 4482EECC19F945810078D8C4 /* android-apple-friends.jpg */; };
		4482EEE419F945810078D8C4 /* android-apple.jpg in Resources */ = {isa = PBXBuildFile; fileRef = 4482EECD19F945810078D8C4 /* android-apple.jpg */; };
		4482EEE519F945810078D8C4 /* android-cry.jpg in Resources */ = {isa = PBXBuildFile; fileRef = 4482EECE19F945810078D8C4 /* android-cry.jpg */; };
		4482EEE619F945810078D8C4 /* apple-android-unite.jpg in Resources */ = {isa = PBXBuildFile; fileRef = 4482EECF19F945810078D8C4 /* apple-android-unite.jpg */; };
		4482EEE719F945810078D8C4 /* back.png in Resources */ = {isa = PBXBuildFile; fileRef = 4482EED019F945810078D8C4 /* back.png */; };
		4482EEE819F945810078D8C4 /* block.png in Resources */ = {isa = PBXBuildFile; fileRef = 4482EED119F945810078D8C4 /* block.png */; };
		4482EEE919F945810078D8C4 /* flash.png in Resources */ = {isa = PBXBuildFile; fileRef = 4482EED219F945810078D8C4 /* flash.png */; };
		4482EEEA19F945810078D8C4 /* google.png in Resources */ = {isa = PBXBuildFile; fileRef = 4482EED319F945810078D8C4 /* google.png */; };
		4482EEEB19F945810078D8C4 /* logo.png in Resources */ = {isa = PBXBuildFile; fileRef = 4482EED419F945810078D8C4 /* logo.png */; };
		4482EEEC19F945810078D8C4 /* map-trasure.png in Resources */ = {isa = PBXBuildFile; fileRef = 4482EED519F945810078D8C4 /* map-trasure.png */; };
		4482EEED19F945810078D8C4 /* ok.png in Resources */ = {isa = PBXBuildFile; fileRef = 4482EED619F945810078D8C4 /* ok.png */; };
		4482EEEE19F945810078D8C4 /* pick_bg.png in Resources */ = {isa = PBXBuildFile; fileRef = 4482EED719F945810078D8C4 /* pick_bg.png */; };
		4482EEEF19F945810078D8C4 /* scan.png in Resources */ = {isa = PBXBuildFile; fileRef = 4482EED819F945810078D8C4 /* scan.png */; };
		4482EEF019F945810078D8C4 /* treasure-animated.png in Resources */ = {isa = PBXBuildFile; fileRef = 4482EED919F945810078D8C4 /* treasure-animated.png */; };
		4482EEF119F945810078D8C4 /* treasure.png in Resources */ = {isa = PBXBuildFile; fileRef = 4482EEDA19F945810078D8C4 /* treasure.png */; };
		4482EEF219F945810078D8C4 /* hunt.zip in Resources */ = {isa = PBXBuildFile; fileRef = 4482EEDB19F945810078D8C4 /* hunt.zip */; };
		4482EEF819F960580078D8C4 /* android.png in Resources */ = {isa = PBXBuildFile; fileRef = 4482EEF319F960580078D8C4 /* android.png */; };
		4482EEF919F960580078D8C4 /* androidify.gif in Resources */ = {isa = PBXBuildFile; fileRef = 4482EEF419F960580078D8C4 /* androidify.gif */; };
		4482EEFA19F960580078D8C4 /* apple.png in Resources */ = {isa = PBXBuildFile; fileRef = 4482EEF519F960580078D8C4 /* apple.png */; };
		4482EEFB19F960580078D8C4 /* GdgGroup.png in Resources */ = {isa = PBXBuildFile; fileRef = 4482EEF619F960580078D8C4 /* GdgGroup.png */; };
		4482EEFC19F960580078D8C4 /* Google-Developers.png in Resources */ = {isa = PBXBuildFile; fileRef = 4482EEF719F960580078D8C4 /* Google-Developers.png */; };
		4482EEFE19F961410078D8C4 /* Gdg-roma copia.png in Resources */ = {isa = PBXBuildFile; fileRef = 4482EEFD19F961410078D8C4 /* Gdg-roma copia.png */; };
/* End PBXBuildFile section */

/* Begin PBXContainerItemProxy section */
		4482EE9519F943D60078D8C4 /* PBXContainerItemProxy */ = {
			isa = PBXContainerItemProxy;
			containerPortal = 4482EE7419F943D60078D8C4 /* Project object */;
			proxyType = 1;
			remoteGlobalIDString = 4482EE7B19F943D60078D8C4;
			remoteInfo = GoogleTreasureHunt;
		};
/* End PBXContainerItemProxy section */

/* Begin PBXFileReference section */
		445673E019FC6F3100B511B8 /* GoogleTreasureHunt-Bridging-Header.h */ = {isa = PBXFileReference; lastKnownFileType = sourcecode.c.h; path = "GoogleTreasureHunt-Bridging-Header.h"; sourceTree = "<group>"; };
		4482EE7C19F943D60078D8C4 /* GoogleTreasureHunt.app */ = {isa = PBXFileReference; explicitFileType = wrapper.application; includeInIndex = 0; path = GoogleTreasureHunt.app; sourceTree = BUILT_PRODUCTS_DIR; };
		4482EE8019F943D60078D8C4 /* Info.plist */ = {isa = PBXFileReference; lastKnownFileType = text.plist.xml; path = Info.plist; sourceTree = "<group>"; };
		4482EE8119F943D60078D8C4 /* AppDelegate.swift */ = {isa = PBXFileReference; lastKnownFileType = sourcecode.swift; path = AppDelegate.swift; sourceTree = "<group>"; };
		4482EE8419F943D60078D8C4 /* GoogleTreasureHunt.xcdatamodel */ = {isa = PBXFileReference; lastKnownFileType = wrapper.xcdatamodel; path = GoogleTreasureHunt.xcdatamodel; sourceTree = "<group>"; };
		4482EE8619F943D60078D8C4 /* ViewController.swift */ = {isa = PBXFileReference; lastKnownFileType = sourcecode.swift; path = ViewController.swift; sourceTree = "<group>"; };
		4482EE8919F943D60078D8C4 /* Base */ = {isa = PBXFileReference; lastKnownFileType = file.storyboard; name = Base; path = Base.lproj/Main.storyboard; sourceTree = "<group>"; };
		4482EE8B19F943D60078D8C4 /* Images.xcassets */ = {isa = PBXFileReference; lastKnownFileType = folder.assetcatalog; path = Images.xcassets; sourceTree = "<group>"; };
		4482EE8E19F943D60078D8C4 /* Base */ = {isa = PBXFileReference; lastKnownFileType = file.xib; name = Base; path = Base.lproj/LaunchScreen.xib; sourceTree = "<group>"; };
		4482EE9419F943D60078D8C4 /* GoogleTreasureHuntTests.xctest */ = {isa = PBXFileReference; explicitFileType = wrapper.cfbundle; includeInIndex = 0; path = GoogleTreasureHuntTests.xctest; sourceTree = BUILT_PRODUCTS_DIR; };
		4482EE9919F943D60078D8C4 /* Info.plist */ = {isa = PBXFileReference; lastKnownFileType = text.plist.xml; path = Info.plist; sourceTree = "<group>"; };
		4482EE9A19F943D60078D8C4 /* GoogleTreasureHuntTests.swift */ = {isa = PBXFileReference; lastKnownFileType = sourcecode.swift; path = GoogleTreasureHuntTests.swift; sourceTree = "<group>"; };
		4482EEA419F944AC0078D8C4 /* AchievementManager.swift */ = {isa = PBXFileReference; fileEncoding = 4; lastKnownFileType = sourcecode.swift; path = AchievementManager.swift; sourceTree = "<group>"; };
		4482EEA519F944AC0078D8C4 /* AHTag.swift */ = {isa = PBXFileReference; fileEncoding = 4; lastKnownFileType = sourcecode.swift; path = AHTag.swift; sourceTree = "<group>"; };
		4482EEA619F944AC0078D8C4 /* Clue.swift */ = {isa = PBXFileReference; fileEncoding = 4; lastKnownFileType = sourcecode.swift; path = Clue.swift; sourceTree = "<group>"; };
		4482EEA819F944AC0078D8C4 /* Hunt.swift */ = {isa = PBXFileReference; fileEncoding = 4; lastKnownFileType = sourcecode.swift; path = Hunt.swift; sourceTree = "<group>"; };
		4482EEA919F944AC0078D8C4 /* HuntResourceManager.swift */ = {isa = PBXFileReference; fileEncoding = 4; lastKnownFileType = sourcecode.swift; path = HuntResourceManager.swift; sourceTree = "<group>"; };
		4482EEAA19F944AC0078D8C4 /* JSon.swift */ = {isa = PBXFileReference; fileEncoding = 4; lastKnownFileType = sourcecode.swift; path = JSon.swift; sourceTree = "<group>"; };
		4482EEAC19F944AC0078D8C4 /* ListViewController.swift */ = {isa = PBXFileReference; fileEncoding = 4; lastKnownFileType = sourcecode.swift; path = ListViewController.swift; sourceTree = "<group>"; };
		4482EEAD19F944AC0078D8C4 /* QrViewController.swift */ = {isa = PBXFileReference; fileEncoding = 4; lastKnownFileType = sourcecode.swift; path = QrViewController.swift; sourceTree = "<group>"; };
		4482EEAE19F944AC0078D8C4 /* SigninViewController.swift */ = {isa = PBXFileReference; fileEncoding = 4; lastKnownFileType = sourcecode.swift; path = SigninViewController.swift; sourceTree = "<group>"; };
		4482EEAF19F944AC0078D8C4 /* SoundManager.swift */ = {isa = PBXFileReference; fileEncoding = 4; lastKnownFileType = sourcecode.swift; path = SoundManager.swift; sourceTree = "<group>"; };
		4482EEB019F944AC0078D8C4 /* TriviaQuestion.swift */ = {isa = PBXFileReference; fileEncoding = 4; lastKnownFileType = sourcecode.swift; path = TriviaQuestion.swift; sourceTree = "<group>"; };
		4482EEC419F945810078D8C4 /* app0.jpg */ = {isa = PBXFileReference; lastKnownFileType = image.jpeg; path = app0.jpg; sourceTree = "<group>"; };
		4482EEC519F945810078D8C4 /* app1.jpg */ = {isa = PBXFileReference; lastKnownFileType = image.jpeg; path = app1.jpg; sourceTree = "<group>"; };
		4482EEC619F945810078D8C4 /* app2.jpg */ = {isa = PBXFileReference; lastKnownFileType = image.jpeg; path = app2.jpg; sourceTree = "<group>"; };
		4482EEC719F945810078D8C4 /* app3.jpg */ = {isa = PBXFileReference; lastKnownFileType = image.jpeg; path = app3.jpg; sourceTree = "<group>"; };
		4482EEC819F945810078D8C4 /* app4.jpg */ = {isa = PBXFileReference; lastKnownFileType = image.jpeg; path = app4.jpg; sourceTree = "<group>"; };
		4482EEC919F945810078D8C4 /* app5.jpg */ = {isa = PBXFileReference; lastKnownFileType = image.jpeg; path = app5.jpg; sourceTree = "<group>"; };
		4482EECA19F945810078D8C4 /* sampleHunt.json */ = {isa = PBXFileReference; fileEncoding = 4; lastKnownFileType = text.json; path = sampleHunt.json; sourceTree = "<group>"; };
		4482EECC19F945810078D8C4 /* android-apple-friends.jpg */ = {isa = PBXFileReference; lastKnownFileType = image.jpeg; path = "android-apple-friends.jpg"; sourceTree = "<group>"; };
		4482EECD19F945810078D8C4 /* android-apple.jpg */ = {isa = PBXFileReference; lastKnownFileType = image.jpeg; path = "android-apple.jpg"; sourceTree = "<group>"; };
		4482EECE19F945810078D8C4 /* android-cry.jpg */ = {isa = PBXFileReference; lastKnownFileType = image.jpeg; path = "android-cry.jpg"; sourceTree = "<group>"; };
		4482EECF19F945810078D8C4 /* apple-android-unite.jpg */ = {isa = PBXFileReference; lastKnownFileType = image.jpeg; path = "apple-android-unite.jpg"; sourceTree = "<group>"; };
		4482EED019F945810078D8C4 /* back.png */ = {isa = PBXFileReference; lastKnownFileType = image.png; path = back.png; sourceTree = "<group>"; };
		4482EED119F945810078D8C4 /* block.png */ = {isa = PBXFileReference; lastKnownFileType = image.png; path = block.png; sourceTree = "<group>"; };
		4482EED219F945810078D8C4 /* flash.png */ = {isa = PBXFileReference; lastKnownFileType = image.png; path = flash.png; sourceTree = "<group>"; };
		4482EED319F945810078D8C4 /* google.png */ = {isa = PBXFileReference; lastKnownFileType = image.png; path = google.png; sourceTree = "<group>"; };
		4482EED419F945810078D8C4 /* logo.png */ = {isa = PBXFileReference; lastKnownFileType = image.png; path = logo.png; sourceTree = "<group>"; };
		4482EED519F945810078D8C4 /* map-trasure.png */ = {isa = PBXFileReference; lastKnownFileType = image.png; path = "map-trasure.png"; sourceTree = "<group>"; };
		4482EED619F945810078D8C4 /* ok.png */ = {isa = PBXFileReference; lastKnownFileType = image.png; path = ok.png; sourceTree = "<group>"; };
		4482EED719F945810078D8C4 /* pick_bg.png */ = {isa = PBXFileReference; lastKnownFileType = image.png; path = pick_bg.png; sourceTree = "<group>"; };
		4482EED819F945810078D8C4 /* scan.png */ = {isa = PBXFileReference; lastKnownFileType = image.png; path = scan.png; sourceTree = "<group>"; };
		4482EED919F945810078D8C4 /* treasure-animated.png */ = {isa = PBXFileReference; lastKnownFileType = image.png; path = "treasure-animated.png"; sourceTree = "<group>"; };
		4482EEDA19F945810078D8C4 /* treasure.png */ = {isa = PBXFileReference; lastKnownFileType = image.png; path = treasure.png; sourceTree = "<group>"; };
		4482EEDB19F945810078D8C4 /* hunt.zip */ = {isa = PBXFileReference; lastKnownFileType = archive.zip; path = hunt.zip; sourceTree = "<group>"; };
		4482EEF319F960580078D8C4 /* android.png */ = {isa = PBXFileReference; lastKnownFileType = image.png; path = android.png; sourceTree = "<group>"; };
		4482EEF419F960580078D8C4 /* androidify.gif */ = {isa = PBXFileReference; lastKnownFileType = image.gif; path = androidify.gif; sourceTree = "<group>"; };
		4482EEF519F960580078D8C4 /* apple.png */ = {isa = PBXFileReference; lastKnownFileType = image.png; path = apple.png; sourceTree = "<group>"; };
		4482EEF619F960580078D8C4 /* GdgGroup.png */ = {isa = PBXFileReference; lastKnownFileType = image.png; path = GdgGroup.png; sourceTree = "<group>"; };
		4482EEF719F960580078D8C4 /* Google-Developers.png */ = {isa = PBXFileReference; lastKnownFileType = image.png; path = "Google-Developers.png"; sourceTree = "<group>"; };
		4482EEFD19F961410078D8C4 /* Gdg-roma copia.png */ = {isa = PBXFileReference; lastKnownFileType = image.png; path = "Gdg-roma copia.png"; sourceTree = "<group>"; };
/* End PBXFileReference section */

/* Begin PBXFrameworksBuildPhase section */
		4482EE7919F943D60078D8C4 /* Frameworks */ = {
			isa = PBXFrameworksBuildPhase;
			buildActionMask = 2147483647;
			files = (
			);
			runOnlyForDeploymentPostprocessing = 0;
		};
		4482EE9119F943D60078D8C4 /* Frameworks */ = {
			isa = PBXFrameworksBuildPhase;
			buildActionMask = 2147483647;
			files = (
			);
			runOnlyForDeploymentPostprocessing = 0;
		};
/* End PBXFrameworksBuildPhase section */

/* Begin PBXGroup section */
		4482EE7319F943D60078D8C4 = {
			isa = PBXGroup;
			children = (
				4482EE7E19F943D60078D8C4 /* GoogleTreasureHunt */,
				4482EE9719F943D60078D8C4 /* GoogleTreasureHuntTests */,
				4482EE7D19F943D60078D8C4 /* Products */,
			);
			sourceTree = "<group>";
		};
		4482EE7D19F943D60078D8C4 /* Products */ = {
			isa = PBXGroup;
			children = (
				4482EE7C19F943D60078D8C4 /* GoogleTreasureHunt.app */,
				4482EE9419F943D60078D8C4 /* GoogleTreasureHuntTests.xctest */,
			);
			name = Products;
			sourceTree = "<group>";
		};
		4482EE7E19F943D60078D8C4 /* GoogleTreasureHunt */ = {
			isa = PBXGroup;
			children = (
				445673E019FC6F3100B511B8 /* GoogleTreasureHunt-Bridging-Header.h */,
				4482EEBE19F944BE0078D8C4 /* Manager */,
				4482EEBF19F944CD0078D8C4 /* Bean */,
				4482EEC019F944E30078D8C4 /* Controller */,
				4482EEC219F944F70078D8C4 /* Business */,
				4482EE8819F943D60078D8C4 /* Main.storyboard */,
				4482EE8B19F943D60078D8C4 /* Images.xcassets */,
				4482EE8D19F943D60078D8C4 /* LaunchScreen.xib */,
				4482EE8319F943D60078D8C4 /* GoogleTreasureHunt.xcdatamodeld */,
				4482EEC319F945810078D8C4 /* huntdata */,
				4482EECB19F945810078D8C4 /* images */,
				4482EEDB19F945810078D8C4 /* hunt.zip */,
				4482EE7F19F943D60078D8C4 /* Supporting Files */,
			);
			path = GoogleTreasureHunt;
			sourceTree = "<group>";
		};
		4482EE7F19F943D60078D8C4 /* Supporting Files */ = {
			isa = PBXGroup;
			children = (
				4482EE8019F943D60078D8C4 /* Info.plist */,
			);
			name = "Supporting Files";
			sourceTree = "<group>";
		};
		4482EE9719F943D60078D8C4 /* GoogleTreasureHuntTests */ = {
			isa = PBXGroup;
			children = (
				4482EE9A19F943D60078D8C4 /* GoogleTreasureHuntTests.swift */,
				4482EE9819F943D60078D8C4 /* Supporting Files */,
			);
			path = GoogleTreasureHuntTests;
			sourceTree = "<group>";
		};
		4482EE9819F943D60078D8C4 /* Supporting Files */ = {
			isa = PBXGroup;
			children = (
				4482EE9919F943D60078D8C4 /* Info.plist */,
			);
			name = "Supporting Files";
			sourceTree = "<group>";
		};
		4482EEBE19F944BE0078D8C4 /* Manager */ = {
			isa = PBXGroup;
			children = (
				4482EEA419F944AC0078D8C4 /* AchievementManager.swift */,
				4482EEA919F944AC0078D8C4 /* HuntResourceManager.swift */,
				4482EEAF19F944AC0078D8C4 /* SoundManager.swift */,
			);
			name = Manager;
			sourceTree = "<group>";
		};
		4482EEBF19F944CD0078D8C4 /* Bean */ = {
			isa = PBXGroup;
			children = (
				4482EEA519F944AC0078D8C4 /* AHTag.swift */,
				4482EEA619F944AC0078D8C4 /* Clue.swift */,
				4482EEA819F944AC0078D8C4 /* Hunt.swift */,
				4482EEAA19F944AC0078D8C4 /* JSon.swift */,
				4482EEB019F944AC0078D8C4 /* TriviaQuestion.swift */,
			);
			name = Bean;
			sourceTree = "<group>";
		};
		4482EEC019F944E30078D8C4 /* Controller */ = {
			isa = PBXGroup;
			children = (
				4482EEAC19F944AC0078D8C4 /* ListViewController.swift */,
				4482EEAD19F944AC0078D8C4 /* QrViewController.swift */,
				4482EEAE19F944AC0078D8C4 /* SigninViewController.swift */,
				4482EE8619F943D60078D8C4 /* ViewController.swift */,
			);
			name = Controller;
			sourceTree = "<group>";
		};
		4482EEC219F944F70078D8C4 /* Business */ = {
			isa = PBXGroup;
			children = (
				4482EE8119F943D60078D8C4 /* AppDelegate.swift */,
			);
			name = Business;
			sourceTree = "<group>";
		};
		4482EEC319F945810078D8C4 /* huntdata */ = {
			isa = PBXGroup;
			children = (
				4482EEC419F945810078D8C4 /* app0.jpg */,
				4482EEC519F945810078D8C4 /* app1.jpg */,
				4482EEC619F945810078D8C4 /* app2.jpg */,
				4482EEC719F945810078D8C4 /* app3.jpg */,
				4482EEC819F945810078D8C4 /* app4.jpg */,
				4482EEC919F945810078D8C4 /* app5.jpg */,
				4482EECA19F945810078D8C4 /* sampleHunt.json */,
			);
			path = huntdata;
			sourceTree = "<group>";
		};
		4482EECB19F945810078D8C4 /* images */ = {
			isa = PBXGroup;
			children = (
				4482EEF319F960580078D8C4 /* android.png */,
				4482EEFD19F961410078D8C4 /* Gdg-roma copia.png */,
				4482EEF419F960580078D8C4 /* androidify.gif */,
				4482EEF519F960580078D8C4 /* apple.png */,
				4482EEF619F960580078D8C4 /* GdgGroup.png */,
				4482EEF719F960580078D8C4 /* Google-Developers.png */,
				4482EECC19F945810078D8C4 /* android-apple-friends.jpg */,
				4482EECD19F945810078D8C4 /* android-apple.jpg */,
				4482EECE19F945810078D8C4 /* android-cry.jpg */,
				4482EECF19F945810078D8C4 /* apple-android-unite.jpg */,
				4482EED019F945810078D8C4 /* back.png */,
				4482EED119F945810078D8C4 /* block.png */,
				4482EED219F945810078D8C4 /* flash.png */,
				4482EED319F945810078D8C4 /* google.png */,
				4482EED419F945810078D8C4 /* logo.png */,
				4482EED519F945810078D8C4 /* map-trasure.png */,
				4482EED619F945810078D8C4 /* ok.png */,
				4482EED719F945810078D8C4 /* pick_bg.png */,
				4482EED819F945810078D8C4 /* scan.png */,
				4482EED919F945810078D8C4 /* treasure-animated.png */,
				4482EEDA19F945810078D8C4 /* treasure.png */,
			);
			path = images;
			sourceTree = "<group>";
		};
/* End PBXGroup section */

/* Begin PBXNativeTarget section */
		4482EE7B19F943D60078D8C4 /* GoogleTreasureHunt */ = {
			isa = PBXNativeTarget;
			buildConfigurationList = 4482EE9E19F943D60078D8C4 /* Build configuration list for PBXNativeTarget "GoogleTreasureHunt" */;
			buildPhases = (
				4482EE7819F943D60078D8C4 /* Sources */,
				4482EE7919F943D60078D8C4 /* Frameworks */,
				4482EE7A19F943D60078D8C4 /* Resources */,
			);
			buildRules = (
			);
			dependencies = (
			);
			name = GoogleTreasureHunt;
			productName = GoogleTreasureHunt;
			productReference = 4482EE7C19F943D60078D8C4 /* GoogleTreasureHunt.app */;
			productType = "com.apple.product-type.application";
		};
		4482EE9319F943D60078D8C4 /* GoogleTreasureHuntTests */ = {
			isa = PBXNativeTarget;
			buildConfigurationList = 4482EEA119F943D60078D8C4 /* Build configuration list for PBXNativeTarget "GoogleTreasureHuntTests" */;
			buildPhases = (
				4482EE9019F943D60078D8C4 /* Sources */,
				4482EE9119F943D60078D8C4 /* Frameworks */,
				4482EE9219F943D60078D8C4 /* Resources */,
			);
			buildRules = (
			);
			dependencies = (
				4482EE9619F943D60078D8C4 /* PBXTargetDependency */,
			);
			name = GoogleTreasureHuntTests;
			productName = GoogleTreasureHuntTests;
			productReference = 4482EE9419F943D60078D8C4 /* GoogleTreasureHuntTests.xctest */;
			productType = "com.apple.product-type.bundle.unit-test";
		};
/* End PBXNativeTarget section */

/* Begin PBXProject section */
		4482EE7419F943D60078D8C4 /* Project object */ = {
			isa = PBXProject;
			attributes = {
				LastUpgradeCheck = 0610;
				ORGANIZATIONNAME = "Vincenzo Favara";
				TargetAttributes = {
					4482EE7B19F943D60078D8C4 = {
						CreatedOnToolsVersion = 6.1;
					};
					4482EE9319F943D60078D8C4 = {
						CreatedOnToolsVersion = 6.1;
						TestTargetID = 4482EE7B19F943D60078D8C4;
					};
				};
			};
			buildConfigurationList = 4482EE7719F943D60078D8C4 /* Build configuration list for PBXProject "GoogleTreasureHunt" */;
			compatibilityVersion = "Xcode 3.2";
			developmentRegion = English;
			hasScannedForEncodings = 0;
			knownRegions = (
				en,
				Base,
			);
			mainGroup = 4482EE7319F943D60078D8C4;
			productRefGroup = 4482EE7D19F943D60078D8C4 /* Products */;
			projectDirPath = "";
			projectRoot = "";
			targets = (
				4482EE7B19F943D60078D8C4 /* GoogleTreasureHunt */,
				4482EE9319F943D60078D8C4 /* GoogleTreasureHuntTests */,
			);
		};
/* End PBXProject section */

/* Begin PBXResourcesBuildPhase section */
		4482EE7A19F943D60078D8C4 /* Resources */ = {
			isa = PBXResourcesBuildPhase;
			buildActionMask = 2147483647;
			files = (
				4482EEFB19F960580078D8C4 /* GdgGroup.png in Resources */,
				4482EEE219F945810078D8C4 /* sampleHunt.json in Resources */,
				4482EEDC19F945810078D8C4 /* app0.jpg in Resources */,
				4482EEE519F945810078D8C4 /* android-cry.jpg in Resources */,
				4482EEF019F945810078D8C4 /* treasure-animated.png in Resources */,
				4482EEDD19F945810078D8C4 /* app1.jpg in Resources */,
				4482EE8A19F943D60078D8C4 /* Main.storyboard in Resources */,
				4482EEFC19F960580078D8C4 /* Google-Developers.png in Resources */,
				4482EEF119F945810078D8C4 /* treasure.png in Resources */,
				4482EEF919F960580078D8C4 /* androidify.gif in Resources */,
				4482EE8F19F943D60078D8C4 /* LaunchScreen.xib in Resources */,
				4482EEE619F945810078D8C4 /* apple-android-unite.jpg in Resources */,
				4482EEEC19F945810078D8C4 /* map-trasure.png in Resources */,
				4482EEE819F945810078D8C4 /* block.png in Resources */,
				4482EEE119F945810078D8C4 /* app5.jpg in Resources */,
				4482EEF819F960580078D8C4 /* android.png in Resources */,
				4482EEE019F945810078D8C4 /* app4.jpg in Resources */,
				4482EEEF19F945810078D8C4 /* scan.png in Resources */,
				4482EEEA19F945810078D8C4 /* google.png in Resources */,
				4482EEDF19F945810078D8C4 /* app3.jpg in Resources */,
				4482EEEB19F945810078D8C4 /* logo.png in Resources */,
				4482EEED19F945810078D8C4 /* ok.png in Resources */,
				4482EEE419F945810078D8C4 /* android-apple.jpg in Resources */,
				4482EEE719F945810078D8C4 /* back.png in Resources */,
				4482EEE919F945810078D8C4 /* flash.png in Resources */,
				4482EEE319F945810078D8C4 /* android-apple-friends.jpg in Resources */,
				4482EEDE19F945810078D8C4 /* app2.jpg in Resources */,
				4482EE8C19F943D60078D8C4 /* Images.xcassets in Resources */,
				4482EEF219F945810078D8C4 /* hunt.zip in Resources */,
				4482EEEE19F945810078D8C4 /* pick_bg.png in Resources */,
				4482EEFA19F960580078D8C4 /* apple.png in Resources */,
				4482EEFE19F961410078D8C4 /* Gdg-roma copia.png in Resources */,
			);
			runOnlyForDeploymentPostprocessing = 0;
		};
		4482EE9219F943D60078D8C4 /* Resources */ = {
			isa = PBXResourcesBuildPhase;
			buildActionMask = 2147483647;
			files = (
			);
			runOnlyForDeploymentPostprocessing = 0;
		};
/* End PBXResourcesBuildPhase section */

/* Begin PBXSourcesBuildPhase section */
		4482EE7819F943D60078D8C4 /* Sources */ = {
			isa = PBXSourcesBuildPhase;
			buildActionMask = 2147483647;
			files = (
				4482EEBB19F944AC0078D8C4 /* SigninViewController.swift in Sources */,
				4482EEB219F944AC0078D8C4 /* AHTag.swift in Sources */,
				4482EE8719F943D60078D8C4 /* ViewController.swift in Sources */,
				4482EEB919F944AC0078D8C4 /* ListViewController.swift in Sources */,
				4482EE8519F943D60078D8C4 /* GoogleTreasureHunt.xcdatamodeld in Sources */,
				4482EE8219F943D60078D8C4 /* AppDelegate.swift in Sources */,
				4482EEBD19F944AC0078D8C4 /* TriviaQuestion.swift in Sources */,
				4482EEB519F944AC0078D8C4 /* Hunt.swift in Sources */,
				4482EEB319F944AC0078D8C4 /* Clue.swift in Sources */,
				4482EEBA19F944AC0078D8C4 /* QrViewController.swift in Sources */,
				4482EEB619F944AC0078D8C4 /* HuntResourceManager.swift in Sources */,
				4482EEB119F944AC0078D8C4 /* AchievementManager.swift in Sources */,
				4482EEB719F944AC0078D8C4 /* JSon.swift in Sources */,
				4482EEBC19F944AC0078D8C4 /* SoundManager.swift in Sources */,
			);
			runOnlyForDeploymentPostprocessing = 0;
		};
		4482EE9019F943D60078D8C4 /* Sources */ = {
			isa = PBXSourcesBuildPhase;
			buildActionMask = 2147483647;
			files = (
				4482EE9B19F943D60078D8C4 /* GoogleTreasureHuntTests.swift in Sources */,
			);
			runOnlyForDeploymentPostprocessing = 0;
		};
/* End PBXSourcesBuildPhase section */

/* Begin PBXTargetDependency section */
		4482EE9619F943D60078D8C4 /* PBXTargetDependency */ = {
			isa = PBXTargetDependency;
			target = 4482EE7B19F943D60078D8C4 /* GoogleTreasureHunt */;
			targetProxy = 4482EE9519F943D60078D8C4 /* PBXContainerItemProxy */;
		};
/* End PBXTargetDependency section */

/* Begin PBXVariantGroup section */
		4482EE8819F943D60078D8C4 /* Main.storyboard */ = {
			isa = PBXVariantGroup;
			children = (
				4482EE8919F943D60078D8C4 /* Base */,
			);
			name = Main.storyboard;
			sourceTree = "<group>";
		};
		4482EE8D19F943D60078D8C4 /* LaunchScreen.xib */ = {
			isa = PBXVariantGroup;
			children = (
				4482EE8E19F943D60078D8C4 /* Base */,
			);
			name = LaunchScreen.xib;
			sourceTree = "<group>";
		};
/* End PBXVariantGroup section */

/* Begin XCBuildConfiguration section */
		4482EE9C19F943D60078D8C4 /* Debug */ = {
			isa = XCBuildConfiguration;
			buildSettings = {
				ALWAYS_SEARCH_USER_PATHS = NO;
				CLANG_CXX_LANGUAGE_STANDARD = "gnu++0x";
				CLANG_CXX_LIBRARY = "libc++";
				CLANG_ENABLE_MODULES = YES;
				CLANG_ENABLE_OBJC_ARC = YES;
				CLANG_WARN_BOOL_CONVERSION = YES;
				CLANG_WARN_CONSTANT_CONVERSION = YES;
				CLANG_WARN_DIRECT_OBJC_ISA_USAGE = YES_ERROR;
				CLANG_WARN_EMPTY_BODY = YES;
				CLANG_WARN_ENUM_CONVERSION = YES;
				CLANG_WARN_INT_CONVERSION = YES;
				CLANG_WARN_OBJC_ROOT_CLASS = YES_ERROR;
				CLANG_WARN_UNREACHABLE_CODE = YES;
				CLANG_WARN__DUPLICATE_METHOD_MATCH = YES;
				"CODE_SIGN_IDENTITY[sdk=iphoneos*]" = "iPhone Developer";
				COPY_PHASE_STRIP = NO;
				ENABLE_STRICT_OBJC_MSGSEND = YES;
				GCC_C_LANGUAGE_STANDARD = gnu99;
				GCC_DYNAMIC_NO_PIC = NO;
				GCC_OPTIMIZATION_LEVEL = 0;
				GCC_PREPROCESSOR_DEFINITIONS = (
					"DEBUG=1",
					"$(inherited)",
				);
				GCC_SYMBOLS_PRIVATE_EXTERN = NO;
				GCC_WARN_64_TO_32_BIT_CONVERSION = YES;
				GCC_WARN_ABOUT_RETURN_TYPE = YES_ERROR;
				GCC_WARN_UNDECLARED_SELECTOR = YES;
				GCC_WARN_UNINITIALIZED_AUTOS = YES_AGGRESSIVE;
				GCC_WARN_UNUSED_FUNCTION = YES;
				GCC_WARN_UNUSED_VARIABLE = YES;
				IPHONEOS_DEPLOYMENT_TARGET = 8.1;
				MTL_ENABLE_DEBUG_INFO = YES;
				ONLY_ACTIVE_ARCH = YES;
				SDKROOT = iphoneos;
				SWIFT_OPTIMIZATION_LEVEL = "-Onone";
				TARGETED_DEVICE_FAMILY = "1,2";
			};
			name = Debug;
		};
		4482EE9D19F943D60078D8C4 /* Release */ = {
			isa = XCBuildConfiguration;
			buildSettings = {
				ALWAYS_SEARCH_USER_PATHS = NO;
				CLANG_CXX_LANGUAGE_STANDARD = "gnu++0x";
				CLANG_CXX_LIBRARY = "libc++";
				CLANG_ENABLE_MODULES = YES;
				CLANG_ENABLE_OBJC_ARC = YES;
				CLANG_WARN_BOOL_CONVERSION = YES;
				CLANG_WARN_CONSTANT_CONVERSION = YES;
				CLANG_WARN_DIRECT_OBJC_ISA_USAGE = YES_ERROR;
				CLANG_WARN_EMPTY_BODY = YES;
				CLANG_WARN_ENUM_CONVERSION = YES;
				CLANG_WARN_INT_CONVERSION = YES;
				CLANG_WARN_OBJC_ROOT_CLASS = YES_ERROR;
				CLANG_WARN_UNREACHABLE_CODE = YES;
				CLANG_WARN__DUPLICATE_METHOD_MATCH = YES;
				"CODE_SIGN_IDENTITY[sdk=iphoneos*]" = "iPhone Developer";
				COPY_PHASE_STRIP = YES;
				ENABLE_NS_ASSERTIONS = NO;
				ENABLE_STRICT_OBJC_MSGSEND = YES;
				GCC_C_LANGUAGE_STANDARD = gnu99;
				GCC_WARN_64_TO_32_BIT_CONVERSION = YES;
				GCC_WARN_ABOUT_RETURN_TYPE = YES_ERROR;
				GCC_WARN_UNDECLARED_SELECTOR = YES;
				GCC_WARN_UNINITIALIZED_AUTOS = YES_AGGRESSIVE;
				GCC_WARN_UNUSED_FUNCTION = YES;
				GCC_WARN_UNUSED_VARIABLE = YES;
				IPHONEOS_DEPLOYMENT_TARGET = 8.1;
				MTL_ENABLE_DEBUG_INFO = NO;
				SDKROOT = iphoneos;
				TARGETED_DEVICE_FAMILY = "1,2";
				VALIDATE_PRODUCT = YES;
			};
			name = Release;
		};
		4482EE9F19F943D60078D8C4 /* Debug */ = {
			isa = XCBuildConfiguration;
			buildSettings = {
				ASSETCATALOG_COMPILER_APPICON_NAME = AppIcon;
				CLANG_ENABLE_MODULES = YES;
				INFOPLIST_FILE = GoogleTreasureHunt/Info.plist;
				LD_RUNPATH_SEARCH_PATHS = "$(inherited) @executable_path/Frameworks";
				PRODUCT_NAME = "$(TARGET_NAME)";
				SWIFT_OBJC_BRIDGING_HEADER = "GoogleTreasureHunt/GoogleTreasureHunt-Bridging-Header.h";
				SWIFT_OPTIMIZATION_LEVEL = "-Onone";
			};
			name = Debug;
		};
		4482EEA019F943D60078D8C4 /* Release */ = {
			isa = XCBuildConfiguration;
			buildSettings = {
				ASSETCATALOG_COMPILER_APPICON_NAME = AppIcon;
				CLANG_ENABLE_MODULES = YES;
				INFOPLIST_FILE = GoogleTreasureHunt/Info.plist;
				LD_RUNPATH_SEARCH_PATHS = "$(inherited) @executable_path/Frameworks";
				PRODUCT_NAME = "$(TARGET_NAME)";
				SWIFT_OBJC_BRIDGING_HEADER = "GoogleTreasureHunt/GoogleTreasureHunt-Bridging-Header.h";
			};
			name = Release;
		};
		4482EEA219F943D60078D8C4 /* Debug */ = {
			isa = XCBuildConfiguration;
			buildSettings = {
				BUNDLE_LOADER = "$(TEST_HOST)";
				FRAMEWORK_SEARCH_PATHS = (
					"$(SDKROOT)/Developer/Library/Frameworks",
					"$(inherited)",
				);
				GCC_PREPROCESSOR_DEFINITIONS = (
					"DEBUG=1",
					"$(inherited)",
				);
				INFOPLIST_FILE = GoogleTreasureHuntTests/Info.plist;
				LD_RUNPATH_SEARCH_PATHS = "$(inherited) @executable_path/Frameworks @loader_path/Frameworks";
				PRODUCT_NAME = "$(TARGET_NAME)";
				TEST_HOST = "$(BUILT_PRODUCTS_DIR)/GoogleTreasureHunt.app/GoogleTreasureHunt";
			};
			name = Debug;
		};
		4482EEA319F943D60078D8C4 /* Release */ = {
			isa = XCBuildConfiguration;
			buildSettings = {
				BUNDLE_LOADER = "$(TEST_HOST)";
				FRAMEWORK_SEARCH_PATHS = (
					"$(SDKROOT)/Developer/Library/Frameworks",
					"$(inherited)",
				);
				INFOPLIST_FILE = GoogleTreasureHuntTests/Info.plist;
				LD_RUNPATH_SEARCH_PATHS = "$(inherited) @executable_path/Frameworks @loader_path/Frameworks";
				PRODUCT_NAME = "$(TARGET_NAME)";
				TEST_HOST = "$(BUILT_PRODUCTS_DIR)/GoogleTreasureHunt.app/GoogleTreasureHunt";
			};
			name = Release;
		};
/* End XCBuildConfiguration section */

/* Begin XCConfigurationList section */
		4482EE7719F943D60078D8C4 /* Build configuration list for PBXProject "GoogleTreasureHunt" */ = {
			isa = XCConfigurationList;
			buildConfigurations = (
				4482EE9C19F943D60078D8C4 /* Debug */,
				4482EE9D19F943D60078D8C4 /* Release */,
			);
			defaultConfigurationIsVisible = 0;
			defaultConfigurationName = Release;
		};
		4482EE9E19F943D60078D8C4 /* Build configuration list for PBXNativeTarget "GoogleTreasureHunt" */ = {
			isa = XCConfigurationList;
			buildConfigurations = (
				4482EE9F19F943D60078D8C4 /* Debug */,
				4482EEA019F943D60078D8C4 /* Release */,
			);
			defaultConfigurationIsVisible = 0;
			defaultConfigurationName = Release;
		};
		4482EEA119F943D60078D8C4 /* Build configuration list for PBXNativeTarget "GoogleTreasureHuntTests" */ = {
			isa = XCConfigurationList;
			buildConfigurations = (
				4482EEA219F943D60078D8C4 /* Debug */,
				4482EEA319F943D60078D8C4 /* Release */,
			);
			defaultConfigurationIsVisible = 0;
			defaultConfigurationName = Release;
		};
/* End XCConfigurationList section */

/* Begin XCVersionGroup section */
		4482EE8319F943D60078D8C4 /* GoogleTreasureHunt.xcdatamodeld */ = {
			isa = XCVersionGroup;
			children = (
				4482EE8419F943D60078D8C4 /* GoogleTreasureHunt.xcdatamodel */,
			);
			currentVersion = 4482EE8419F943D60078D8C4 /* GoogleTreasureHunt.xcdatamodel */;
			path = GoogleTreasureHunt.xcdatamodeld;
			sourceTree = "<group>";
			versionGroupType = wrapper.xcdatamodel;
		};
/* End XCVersionGroup section */
	};
	rootObject = 4482EE7419F943D60078D8C4 /* Project object */;
}
